
Microsoft Visual Studio Solution File, Format Version 12.00
# Visual Studio Version 16
VisualStudioVersion = 16.0.30011.22
MinimumVisualStudioVersion = 10.0.40219.1
Project("{8BC9CEB8-8B4A-11D0-8D11-00A0C91BC942}") = "test_sai2", "test_sai2.vcxproj", "{99B15D0D-B615-4855-98DA-87842F39FE34}"
EndProject
Global
	GlobalSection(SolutionConfigurationPlatforms) = preSolution
		Debug|VisualGDB = Debug|VisualGDB
		Release|VisualGDB = Release|VisualGDB
	EndGlobalSection
	GlobalSection(ProjectConfigurationPlatforms) = postSolution
		{99B15D0D-B615-4855-98DA-87842F39FE34}.Debug|VisualGDB.ActiveCfg = Debug|VisualGDB
		{99B15D0D-B615-4855-98DA-87842F39FE34}.Debug|VisualGDB.Build.0 = Debug|VisualGDB
		{99B15D0D-B615-4855-98DA-87842F39FE34}.Release|VisualGDB.ActiveCfg = Release|VisualGDB
		{99B15D0D-B615-4855-98DA-87842F39FE34}.Release|VisualGDB.Build.0 = Release|VisualGDB
	EndGlobalSection
	GlobalSection(SolutionProperties) = preSolution
		HideSolutionNode = FALSE
	EndGlobalSection
	GlobalSection(ExtensibilityGlobals) = postSolution
		SolutionGuid = {5AE35F1E-853F-4741-9CAE-BA60EF562F08}
	EndGlobalSection
EndGlobal
