<?xml version="1.0" encoding="utf-8"?>
<Project ToolsVersion="4.0" xmlns="http://schemas.microsoft.com/developer/msbuild/2003">
  <ItemGroup>
    <Filter Include="Source files">
      <UniqueIdentifier>{ba4ec185-2dd4-4a9e-9ecb-e095806f71ae}</UniqueIdentifier>
      <Extensions>cpp;c;cc;cxx;def;odl;idl;hpj;bat;asm;asmx</Extensions>
    </Filter>
    <Filter Include="Header files">
      <UniqueIdentifier>{14a99674-3eba-44b8-aaef-293a4eedc60d}</UniqueIdentifier>
      <Extensions>h;hpp;hxx;hm;inl;inc;xsd</Extensions>
    </Filter>
    <Filter Include="Resource files">
      <UniqueIdentifier>{a6e63a2d-9cdd-46f5-914b-6f9e8139b649}</UniqueIdentifier>
      <Extensions>rc;ico;cur;bmp;dlg;rc2;rct;bin;rgs;gif;jpg;jpeg;jpe;resx;tiff;tif;png;wav</Extensions>
    </Filter>
    <Filter Include="Source files\CORE">
      <UniqueIdentifier>{bf20a558-19bb-4cd6-a36c-89754bc8ec3e}</UniqueIdentifier>
    </Filter>
    <Filter Include="Source files\Startup">
      <UniqueIdentifier>{4942cc6f-dab9-4a2f-809d-2bfb17227db0}</UniqueIdentifier>
    </Filter>
    <Filter Include="Source files\STM32Cube HAL">
      <UniqueIdentifier>{22bfa9b5-c199-4505-ab0d-74cabfb94c29}</UniqueIdentifier>
    </Filter>
    <Filter Include="Source files\STM32Cube HAL\COMMON">
      <UniqueIdentifier>{c9bc322e-e086-4b68-8145-6b5dd5ca6488}</UniqueIdentifier>
    </Filter>
    <Filter Include="Source files\STM32Cube HAL\USB_HOST">
      <UniqueIdentifier>{8061c1f6-fa85-4a11-a8ba-ed2a28e4657b}</UniqueIdentifier>
    </Filter>
    <Filter Include="Source files\STM32Cube HAL\EXTI">
      <UniqueIdentifier>{940f2be8-9be5-4381-98e4-5377dfcbb062}</UniqueIdentifier>
    </Filter>
    <Filter Include="Source files\STM32Cube HAL\DMA2D">
      <UniqueIdentifier>{f2e0d47a-6753-4624-9b88-03c4a4f18194}</UniqueIdentifier>
    </Filter>
    <Filter Include="Source files\STM32Cube HAL\NAND">
      <UniqueIdentifier>{4acfffc2-3b6d-4653-a3d5-fa7e98b82d9c}</UniqueIdentifier>
    </Filter>
    <Filter Include="Source files\STM32Cube HAL\FREERTOS">
      <UniqueIdentifier>{a4476069-ddb5-42e6-b5c5-0def54b39f3b}</UniqueIdentifier>
    </Filter>
    <Filter Include="Source files\STM32Cube HAL\SDIO">
      <UniqueIdentifier>{be52dce7-9b78-40eb-b52f-4fd0277de515}</UniqueIdentifier>
    </Filter>
    <Filter Include="Source files\STM32Cube HAL\SD">
      <UniqueIdentifier>{738d51da-d7a8-4282-b5f7-46a994ce4f8d}</UniqueIdentifier>
    </Filter>
    <Filter Include="Source files\STM32Cube HAL\DMA">
      <UniqueIdentifier>{0c684a25-2140-4a84-836d-77579fa37bd8}</UniqueIdentifier>
    </Filter>
    <Filter Include="Source files\STM32Cube HAL\DSI">
      <UniqueIdentifier>{d07e5c46-ce35-438f-bdb3-c8aaed6c15d0}</UniqueIdentifier>
    </Filter>
    <Filter Include="Source files\STM32Cube HAL\I2C">
      <UniqueIdentifier>{26c3ccf6-a21f-4034-9b96-9d40cd02a927}</UniqueIdentifier>
    </Filter>
    <Filter Include="Source files\STM32Cube HAL\FMC">
      <UniqueIdentifier>{31b10ce4-a9ef-46dc-9076-e33514579b0c}</UniqueIdentifier>
    </Filter>
    <Filter Include="Source files\STM32Cube HAL\MMC">
      <UniqueIdentifier>{6c40bbfa-603d-4294-85d6-5334d20f8817}</UniqueIdentifier>
    </Filter>
    <Filter Include="Source files\STM32Cube HAL\LTDC">
      <UniqueIdentifier>{5d92736f-b0a3-4b3a-adee-92c077b1838f}</UniqueIdentifier>
    </Filter>
    <Filter Include="Source files\STM32Cube HAL\HCD">
      <UniqueIdentifier>{5ed45700-b921-4826-977c-56e5aa287a8f}</UniqueIdentifier>
    </Filter>
    <Filter Include="Source files\STM32Cube HAL\UART">
      <UniqueIdentifier>{a3d1c0da-2d37-4111-9036-830dce1e15f5}</UniqueIdentifier>
    </Filter>
    <Filter Include="Source files\STM32Cube HAL\PWR">
      <UniqueIdentifier>{fa4dfca2-6fe3-44ed-8dca-612818d29428}</UniqueIdentifier>
    </Filter>
    <Filter Include="Source files\STM32Cube HAL\FLASH">
      <UniqueIdentifier>{770f65b7-82eb-46d3-aba2-ca702400d25d}</UniqueIdentifier>
    </Filter>
    <Filter Include="Source files\STM32Cube HAL\SRAM">
      <UniqueIdentifier>{23fe240e-16e9-4e68-9586-903c51cae9b4}</UniqueIdentifier>
    </Filter>
    <Filter Include="Source files\STM32Cube HAL\GPIO">
      <UniqueIdentifier>{3b952f98-4aaf-4c88-a053-dbf6f30484bb}</UniqueIdentifier>
    </Filter>
    <Filter Include="Source files\STM32Cube HAL\NOR">
      <UniqueIdentifier>{5e274792-9c77-4e04-827c-1d34682e8c81}</UniqueIdentifier>
    </Filter>
    <Filter Include="Source files\STM32Cube HAL\RCC">
      <UniqueIdentifier>{99a30d8b-ad24-4d2f-8159-8f64b92151a3}</UniqueIdentifier>
    </Filter>
    <Filter Include="Source files\STM32Cube HAL\CORTEX">
      <UniqueIdentifier>{51ccf2e2-5c81-4156-8eda-79b82cf93952}</UniqueIdentifier>
    </Filter>
    <Filter Include="Source files\STM32Cube HAL\CRC">
      <UniqueIdentifier>{a587a1d8-7f4d-41dc-8b48-347bb274ce2b}</UniqueIdentifier>
    </Filter>
    <Filter Include="Source files\STM32Cube HAL\TIM">
      <UniqueIdentifier>{0a9fccdd-535a-4589-963b-97150c99004b}</UniqueIdentifier>
    </Filter>
    <Filter Include="Source files\STM32Cube HAL\SAI">
      <UniqueIdentifier>{208a5015-0391-44bd-9486-0d8537de7c06}</UniqueIdentifier>
    </Filter>
    <Filter Include="Source files\STM32Cube HAL\SDRAM">
      <UniqueIdentifier>{296bc996-2cac-42f7-87e7-d189c29dc50f}</UniqueIdentifier>
    </Filter>
    <Filter Include="Source files\STM32Cube HAL\QSPI">
      <UniqueIdentifier>{04b827a2-3155-4928-bd27-37d647efc5c7}</UniqueIdentifier>
    </Filter>
    <Filter Include="Source files\STM32Cube HAL\FATFS">
      <UniqueIdentifier>{e266f4e8-212b-4aa8-bc9b-b49652f46163}</UniqueIdentifier>
    </Filter>
    <Filter Include="Source files\Device-specific files">
      <UniqueIdentifier>{1b90a876-078f-4812-abbd-a32ffa8c4521}</UniqueIdentifier>
    </Filter>
    <Filter Include="Header files\CORE">
      <UniqueIdentifier>{6a250cd7-f21f-4702-8173-8eceef98407a}</UniqueIdentifier>
    </Filter>
    <Filter Include="Header files\Startup">
      <UniqueIdentifier>{aa913cb4-ebf5-4587-ac60-53acd27d1f86}</UniqueIdentifier>
    </Filter>
    <Filter Include="Header files\STM32Cube HAL">
      <UniqueIdentifier>{bd7dde2a-d00b-43b0-9619-c9afa6489462}</UniqueIdentifier>
    </Filter>
    <Filter Include="Header files\STM32Cube HAL\COMMON">
      <UniqueIdentifier>{8961befd-7082-4895-8bbf-471a71e0bbe9}</UniqueIdentifier>
    </Filter>
    <Filter Include="Header files\STM32Cube HAL\USB_HOST">
      <UniqueIdentifier>{c20e7380-5a5a-45b7-80e2-80d8a646c2c4}</UniqueIdentifier>
    </Filter>
    <Filter Include="Header files\STM32Cube HAL\EXTI">
      <UniqueIdentifier>{854cfcb7-7743-45cf-b7cc-bd3007b5ae7c}</UniqueIdentifier>
    </Filter>
    <Filter Include="Header files\STM32Cube HAL\DMA2D">
      <UniqueIdentifier>{e9119891-3458-43b8-8569-e841968ab2e9}</UniqueIdentifier>
    </Filter>
    <Filter Include="Header files\STM32Cube HAL\NAND">
      <UniqueIdentifier>{5c74e408-3819-485e-8a3a-f468f4aae641}</UniqueIdentifier>
    </Filter>
    <Filter Include="Header files\STM32Cube HAL\FREERTOS">
      <UniqueIdentifier>{903ab53f-0c5b-49b6-9b72-3ceee5af56e7}</UniqueIdentifier>
    </Filter>
    <Filter Include="Header files\STM32Cube HAL\SDIO">
      <UniqueIdentifier>{040b114f-005f-4688-9c3c-c887e47aa737}</UniqueIdentifier>
    </Filter>
    <Filter Include="Header files\STM32Cube HAL\SD">
      <UniqueIdentifier>{e0f57578-0b56-4ec2-a338-760fd766c236}</UniqueIdentifier>
    </Filter>
    <Filter Include="Header files\STM32Cube HAL\DMA">
      <UniqueIdentifier>{48fa8704-f7ef-482d-b4f7-1335f5be1e2a}</UniqueIdentifier>
    </Filter>
    <Filter Include="Header files\STM32Cube HAL\DSI">
      <UniqueIdentifier>{4e979398-7182-4e3d-97e7-16addcfb86a3}</UniqueIdentifier>
    </Filter>
    <Filter Include="Header files\STM32Cube HAL\I2C">
      <UniqueIdentifier>{95a31279-64da-4bfb-bdcd-ead3b6225b9f}</UniqueIdentifier>
    </Filter>
    <Filter Include="Header files\STM32Cube HAL\FMC">
      <UniqueIdentifier>{f50da963-81da-4a2e-9037-4512cfe120b9}</UniqueIdentifier>
    </Filter>
    <Filter Include="Header files\STM32Cube HAL\MMC">
      <UniqueIdentifier>{196a3114-cda4-4a9e-a3a5-499d34e0005c}</UniqueIdentifier>
    </Filter>
    <Filter Include="Header files\STM32Cube HAL\LTDC">
      <UniqueIdentifier>{864da2e5-aa6f-4973-b361-a397c35a9c1c}</UniqueIdentifier>
    </Filter>
    <Filter Include="Header files\STM32Cube HAL\HCD">
      <UniqueIdentifier>{0ce8113a-6488-4457-b293-9d501250da6b}</UniqueIdentifier>
    </Filter>
    <Filter Include="Header files\STM32Cube HAL\UART">
      <UniqueIdentifier>{8347c898-cad6-4732-b103-fde20d8eaa53}</UniqueIdentifier>
    </Filter>
    <Filter Include="Header files\STM32Cube HAL\PWR">
      <UniqueIdentifier>{90220005-d2c5-4184-b77a-96415115b350}</UniqueIdentifier>
    </Filter>
    <Filter Include="Header files\STM32Cube HAL\FLASH">
      <UniqueIdentifier>{fd0dbf6d-6317-4b8b-9ed8-ce261984de63}</UniqueIdentifier>
    </Filter>
    <Filter Include="Header files\STM32Cube HAL\SRAM">
      <UniqueIdentifier>{546a2426-c2a3-4d5f-8824-539623e82f9e}</UniqueIdentifier>
    </Filter>
    <Filter Include="Header files\STM32Cube HAL\GPIO">
      <UniqueIdentifier>{32969ea6-0bfb-43e6-9ab8-04fc5e5301f6}</UniqueIdentifier>
    </Filter>
    <Filter Include="Header files\STM32Cube HAL\NOR">
      <UniqueIdentifier>{2ac3a97d-0796-4e86-a137-93feba9027da}</UniqueIdentifier>
    </Filter>
    <Filter Include="Header files\STM32Cube HAL\RCC">
      <UniqueIdentifier>{f0054a5c-a656-4c88-984e-3106a3b52d9e}</UniqueIdentifier>
    </Filter>
    <Filter Include="Header files\STM32Cube HAL\CORTEX">
      <UniqueIdentifier>{1ec65d74-1448-43ba-b4a7-ffc64302601c}</UniqueIdentifier>
    </Filter>
    <Filter Include="Header files\STM32Cube HAL\CRC">
      <UniqueIdentifier>{7bca8cc8-55a0-4ec6-83d7-b420b61a6a02}</UniqueIdentifier>
    </Filter>
    <Filter Include="Header files\STM32Cube HAL\TIM">
      <UniqueIdentifier>{f68e36f7-491e-4ae8-a879-a641737b2db2}</UniqueIdentifier>
    </Filter>
    <Filter Include="Header files\STM32Cube HAL\SAI">
      <UniqueIdentifier>{3f5b89bd-49f8-4a4a-9948-e919ab7f9b10}</UniqueIdentifier>
    </Filter>
    <Filter Include="Header files\STM32Cube HAL\SDRAM">
      <UniqueIdentifier>{9ceca460-48b0-4d46-9e3f-3e4dd3b8f2c9}</UniqueIdentifier>
    </Filter>
    <Filter Include="Header files\STM32Cube HAL\QSPI">
      <UniqueIdentifier>{233aba72-508c-484e-9a3b-c5555c8bda3a}</UniqueIdentifier>
    </Filter>
    <Filter Include="Header files\STM32Cube HAL\FATFS">
      <UniqueIdentifier>{2330d2c8-9df8-4633-b5c7-291d513efb42}</UniqueIdentifier>
    </Filter>
    <Filter Include="Header files\Device-specific files">
      <UniqueIdentifier>{2f61761d-67a5-418f-8596-18c7198c111d}</UniqueIdentifier>
    </Filter>
    <Filter Include="VisualGDB settings">
      <UniqueIdentifier>{e9c76a22-47cf-41a3-b216-7d4cd8096e20}</UniqueIdentifier>
    </Filter>
    <Filter Include="Source files\Device-specific files\Semihosting/Profiler">
      <UniqueIdentifier>{72f5b4e7-b6d0-4f15-9059-61a474a30579}</UniqueIdentifier>
    </Filter>
    <Filter Include="Header files\Device-specific files\Semihosting/Profiler">
      <UniqueIdentifier>{451bf53f-bbe2-4b03-b325-54e804b75f7f}</UniqueIdentifier>
    </Filter>
  </ItemGroup>
  <ItemGroup>
    <ClCompile Include="Src\sd_diskio.c">
      <Filter>Source files</Filter>
    </ClCompile>
    <ClCompile Include="Src\fatfs.c">
      <Filter>Source files</Filter>
    </ClCompile>
    <ClCompile Include="Src\fatfs_platform.c">
      <Filter>Source files</Filter>
    </ClCompile>
    <ClCompile Include="Src\freertos.c">
      <Filter>Source files</Filter>
    </ClCompile>
    <ClCompile Include="Src\usb_host.c">
      <Filter>Source files</Filter>
    </ClCompile>
    <ClCompile Include="Src\usbh_conf.c">
      <Filter>Source files</Filter>
    </ClCompile>
    <ClCompile Include="Src\usbh_platform.c">
      <Filter>Source files</Filter>
    </ClCompile>
    <ClCompile Include="Src\stm32f4xx_it.c">
      <Filter>Source files</Filter>
    </ClCompile>
    <ClCompile Include="Src\stm32f4xx_hal_msp.c">
      <Filter>Source files</Filter>
    </ClCompile>
    <ClCompile Include="Src\stm32f4xx_hal_timebase_tim.c">
      <Filter>Source files</Filter>
    </ClCompile>
    <ClCompile Include="Src\main.c">
      <Filter>Source files</Filter>
    </ClCompile>
    <ClCompile Include="Drivers\CMSIS\Device\ST\STM32F4xx\Source\Templates\system_stm32f4xx.c">
      <Filter>Source files\Startup</Filter>
    </ClCompile>
    <ClCompile Include="Drivers\STM32F4xx_HAL_Driver\Src\stm32f4xx_hal.c">
      <Filter>Source files\STM32Cube HAL\COMMON</Filter>
    </ClCompile>
    <ClCompile Include="Middlewares\ST\STM32_USB_Host_Library\Core\Src\usbh_core.c">
      <Filter>Source files\STM32Cube HAL\USB_HOST</Filter>
    </ClCompile>
    <ClCompile Include="Middlewares\ST\STM32_USB_Host_Library\Core\Src\usbh_ctlreq.c">
      <Filter>Source files\STM32Cube HAL\USB_HOST</Filter>
    </ClCompile>
    <ClCompile Include="Middlewares\ST\STM32_USB_Host_Library\Core\Src\usbh_ioreq.c">
      <Filter>Source files\STM32Cube HAL\USB_HOST</Filter>
    </ClCompile>
    <ClCompile Include="Middlewares\ST\STM32_USB_Host_Library\Core\Src\usbh_pipes.c">
      <Filter>Source files\STM32Cube HAL\USB_HOST</Filter>
    </ClCompile>
    <ClCompile Include="Middlewares\ST\STM32_USB_Host_Library\Class\CDC\Src\usbh_cdc.c">
      <Filter>Source files\STM32Cube HAL\USB_HOST</Filter>
    </ClCompile>
    <ClCompile Include="Drivers\STM32F4xx_HAL_Driver\Src\stm32f4xx_hal_exti.c">
      <Filter>Source files\STM32Cube HAL\EXTI</Filter>
    </ClCompile>
    <ClCompile Include="Drivers\STM32F4xx_HAL_Driver\Src\stm32f4xx_hal_dma2d.c">
      <Filter>Source files\STM32Cube HAL\DMA2D</Filter>
    </ClCompile>
    <ClCompile Include="Drivers\STM32F4xx_HAL_Driver\Src\stm32f4xx_ll_fmc.c">
      <Filter>Source files\STM32Cube HAL\NAND</Filter>
    </ClCompile>
    <ClCompile Include="Middlewares\Third_Party\FreeRTOS\Source\croutine.c">
      <Filter>Source files\STM32Cube HAL\FREERTOS</Filter>
    </ClCompile>
    <ClCompile Include="Middlewares\Third_Party\FreeRTOS\Source\event_groups.c">
      <Filter>Source files\STM32Cube HAL\FREERTOS</Filter>
    </ClCompile>
    <ClCompile Include="Middlewares\Third_Party\FreeRTOS\Source\list.c">
      <Filter>Source files\STM32Cube HAL\FREERTOS</Filter>
    </ClCompile>
    <ClCompile Include="Middlewares\Third_Party\FreeRTOS\Source\queue.c">
      <Filter>Source files\STM32Cube HAL\FREERTOS</Filter>
    </ClCompile>
    <ClCompile Include="Middlewares\Third_Party\FreeRTOS\Source\stream_buffer.c">
      <Filter>Source files\STM32Cube HAL\FREERTOS</Filter>
    </ClCompile>
    <ClCompile Include="Middlewares\Third_Party\FreeRTOS\Source\tasks.c">
      <Filter>Source files\STM32Cube HAL\FREERTOS</Filter>
    </ClCompile>
    <ClCompile Include="Middlewares\Third_Party\FreeRTOS\Source\timers.c">
      <Filter>Source files\STM32Cube HAL\FREERTOS</Filter>
    </ClCompile>
    <ClCompile Include="Middlewares\Third_Party\FreeRTOS\Source\portable\GCC\ARM_CM4F\port.c">
      <Filter>Source files\STM32Cube HAL\FREERTOS</Filter>
    </ClCompile>
    <ClCompile Include="Middlewares\Third_Party\FreeRTOS\Source\CMSIS_RTOS\cmsis_os.c">
      <Filter>Source files\STM32Cube HAL\FREERTOS</Filter>
    </ClCompile>
    <ClCompile Include="Drivers\STM32F4xx_HAL_Driver\Src\stm32f4xx_ll_sdmmc.c">
      <Filter>Source files\STM32Cube HAL\SDIO</Filter>
    </ClCompile>
    <ClCompile Include="Drivers\STM32F4xx_HAL_Driver\Src\stm32f4xx_hal_sd.c">
      <Filter>Source files\STM32Cube HAL\SD</Filter>
    </ClCompile>
    <ClCompile Include="Drivers\STM32F4xx_HAL_Driver\Src\stm32f4xx_hal_dma_ex.c">
      <Filter>Source files\STM32Cube HAL\DMA</Filter>
    </ClCompile>
    <ClCompile Include="Drivers\STM32F4xx_HAL_Driver\Src\stm32f4xx_hal_dma.c">
      <Filter>Source files\STM32Cube HAL\DMA</Filter>
    </ClCompile>
    <ClCompile Include="Drivers\STM32F4xx_HAL_Driver\Src\stm32f4xx_hal_dsi.c">
      <Filter>Source files\STM32Cube HAL\DSI</Filter>
    </ClCompile>
    <ClCompile Include="Drivers\STM32F4xx_HAL_Driver\Src\stm32f4xx_hal_i2c.c">
      <Filter>Source files\STM32Cube HAL\I2C</Filter>
    </ClCompile>
    <ClCompile Include="Drivers\STM32F4xx_HAL_Driver\Src\stm32f4xx_hal_i2c_ex.c">
      <Filter>Source files\STM32Cube HAL\I2C</Filter>
    </ClCompile>
    <ClCompile Include="Drivers\STM32F4xx_HAL_Driver\Src\stm32f4xx_hal_ltdc.c">
      <Filter>Source files\STM32Cube HAL\LTDC</Filter>
    </ClCompile>
    <ClCompile Include="Drivers\STM32F4xx_HAL_Driver\Src\stm32f4xx_hal_ltdc_ex.c">
      <Filter>Source files\STM32Cube HAL\LTDC</Filter>
    </ClCompile>
    <ClCompile Include="Drivers\STM32F4xx_HAL_Driver\Src\stm32f4xx_hal_hcd.c">
      <Filter>Source files\STM32Cube HAL\HCD</Filter>
    </ClCompile>
    <ClCompile Include="Drivers\STM32F4xx_HAL_Driver\Src\stm32f4xx_ll_usb.c">
      <Filter>Source files\STM32Cube HAL\HCD</Filter>
    </ClCompile>
    <ClCompile Include="Drivers\STM32F4xx_HAL_Driver\Src\stm32f4xx_hal_uart.c">
      <Filter>Source files\STM32Cube HAL\UART</Filter>
    </ClCompile>
    <ClCompile Include="Drivers\STM32F4xx_HAL_Driver\Src\stm32f4xx_hal_pwr.c">
      <Filter>Source files\STM32Cube HAL\PWR</Filter>
    </ClCompile>
    <ClCompile Include="Drivers\STM32F4xx_HAL_Driver\Src\stm32f4xx_hal_pwr_ex.c">
      <Filter>Source files\STM32Cube HAL\PWR</Filter>
    </ClCompile>
    <ClCompile Include="Drivers\STM32F4xx_HAL_Driver\Src\stm32f4xx_hal_flash.c">
      <Filter>Source files\STM32Cube HAL\FLASH</Filter>
    </ClCompile>
    <ClCompile Include="Drivers\STM32F4xx_HAL_Driver\Src\stm32f4xx_hal_flash_ex.c">
      <Filter>Source files\STM32Cube HAL\FLASH</Filter>
    </ClCompile>
    <ClCompile Include="Drivers\STM32F4xx_HAL_Driver\Src\stm32f4xx_hal_flash_ramfunc.c">
      <Filter>Source files\STM32Cube HAL\FLASH</Filter>
    </ClCompile>
    <ClCompile Include="Drivers\STM32F4xx_HAL_Driver\Src\stm32f4xx_hal_gpio.c">
      <Filter>Source files\STM32Cube HAL\GPIO</Filter>
    </ClCompile>
    <ClCompile Include="Drivers\STM32F4xx_HAL_Driver\Src\stm32f4xx_hal_rcc.c">
      <Filter>Source files\STM32Cube HAL\RCC</Filter>
    </ClCompile>
    <ClCompile Include="Drivers\STM32F4xx_HAL_Driver\Src\stm32f4xx_hal_rcc_ex.c">
      <Filter>Source files\STM32Cube HAL\RCC</Filter>
    </ClCompile>
    <ClCompile Include="Drivers\STM32F4xx_HAL_Driver\Src\stm32f4xx_hal_cortex.c">
      <Filter>Source files\STM32Cube HAL\CORTEX</Filter>
    </ClCompile>
    <ClCompile Include="Drivers\STM32F4xx_HAL_Driver\Src\stm32f4xx_hal_crc.c">
      <Filter>Source files\STM32Cube HAL\CRC</Filter>
    </ClCompile>
    <ClCompile Include="Drivers\STM32F4xx_HAL_Driver\Src\stm32f4xx_hal_tim.c">
      <Filter>Source files\STM32Cube HAL\TIM</Filter>
    </ClCompile>
    <ClCompile Include="Drivers\STM32F4xx_HAL_Driver\Src\stm32f4xx_hal_tim_ex.c">
      <Filter>Source files\STM32Cube HAL\TIM</Filter>
    </ClCompile>
    <ClCompile Include="Drivers\STM32F4xx_HAL_Driver\Src\stm32f4xx_hal_sai.c">
      <Filter>Source files\STM32Cube HAL\SAI</Filter>
    </ClCompile>
    <ClCompile Include="Drivers\STM32F4xx_HAL_Driver\Src\stm32f4xx_hal_sai_ex.c">
      <Filter>Source files\STM32Cube HAL\SAI</Filter>
    </ClCompile>
    <ClCompile Include="Drivers\STM32F4xx_HAL_Driver\Src\stm32f4xx_hal_sdram.c">
      <Filter>Source files\STM32Cube HAL\SDRAM</Filter>
    </ClCompile>
    <ClCompile Include="Drivers\STM32F4xx_HAL_Driver\Src\stm32f4xx_hal_qspi.c">
      <Filter>Source files\STM32Cube HAL\QSPI</Filter>
    </ClCompile>
    <ClCompile Include="Middlewares\Third_Party\FatFs\src\diskio.c">
      <Filter>Source files\STM32Cube HAL\FATFS</Filter>
    </ClCompile>
    <ClCompile Include="Middlewares\Third_Party\FatFs\src\ff.c">
      <Filter>Source files\STM32Cube HAL\FATFS</Filter>
    </ClCompile>
    <ClCompile Include="Middlewares\Third_Party\FatFs\src\ff_gen_drv.c">
      <Filter>Source files\STM32Cube HAL\FATFS</Filter>
    </ClCompile>
    <ClCompile Include="Middlewares\Third_Party\FatFs\src\option\syscall.c">
      <Filter>Source files\STM32Cube HAL\FATFS</Filter>
    </ClCompile>
    <None Include="stm32.props">
      <Filter>Source files\Device-specific files</Filter>
    </None>
    <ClCompile Include="$(BSP_ROOT)\STM32F4xxxx\StartupFiles\startup_stm32f469xx.c">
      <Filter>Source files\Device-specific files</Filter>
    </ClCompile>
    <ClInclude Include="Inc\ffconf.h">
      <Filter>Header files</Filter>
    </ClInclude>
    <ClInclude Include="Inc\bsp_driver_sd.h">
      <Filter>Header files</Filter>
    </ClInclude>
    <ClInclude Include="Inc\sd_diskio.h">
      <Filter>Header files</Filter>
    </ClInclude>
    <ClInclude Include="Inc\fatfs.h">
      <Filter>Header files</Filter>
    </ClInclude>
    <ClInclude Include="Inc\fatfs_platform.h">
      <Filter>Header files</Filter>
    </ClInclude>
    <ClInclude Include="Inc\FreeRTOSConfig.h">
      <Filter>Header files</Filter>
    </ClInclude>
    <ClInclude Include="Inc\usb_host.h">
      <Filter>Header files</Filter>
    </ClInclude>
    <ClInclude Include="Inc\usbh_conf.h">
      <Filter>Header files</Filter>
    </ClInclude>
    <ClInclude Include="Inc\usbh_platform.h">
      <Filter>Header files</Filter>
    </ClInclude>
    <ClInclude Include="Inc\stm32f4xx_it.h">
      <Filter>Header files</Filter>
    </ClInclude>
    <ClInclude Include="Inc\stm32f4xx_hal_conf.h">
      <Filter>Header files</Filter>
    </ClInclude>
    <ClInclude Include="Inc\main.h">
      <Filter>Header files</Filter>
    </ClInclude>
    <ClInclude Include="Drivers\CMSIS\Include\core_cm4.h">
      <Filter>Header files\CORE</Filter>
    </ClInclude>
    <ClInclude Include="Drivers\CMSIS\Device\ST\STM32F4xx\Include\stm32f4xx.h">
      <Filter>Header files\Startup</Filter>
    </ClInclude>
    <ClInclude Include="Drivers\CMSIS\Device\ST\STM32F4xx\Include\system_stm32f4xx.h">
      <Filter>Header files\Startup</Filter>
    </ClInclude>
    <ClInclude Include="Drivers\STM32F4xx_HAL_Driver\Inc\stm32f4xx_hal.h">
      <Filter>Header files\STM32Cube HAL\COMMON</Filter>
    </ClInclude>
    <ClInclude Include="Drivers\STM32F4xx_HAL_Driver\Inc\Legacy\stm32_hal_legacy.h">
      <Filter>Header files\STM32Cube HAL\COMMON</Filter>
    </ClInclude>
    <ClInclude Include="Drivers\STM32F4xx_HAL_Driver\Inc\stm32f4xx_hal_def.h">
      <Filter>Header files\STM32Cube HAL\COMMON</Filter>
    </ClInclude>
    <ClInclude Include="Middlewares\ST\STM32_USB_Host_Library\Core\Inc\usbh_core.h">
      <Filter>Header files\STM32Cube HAL\USB_HOST</Filter>
    </ClInclude>
    <ClInclude Include="Middlewares\ST\STM32_USB_Host_Library\Core\Inc\usbh_ctlreq.h">
      <Filter>Header files\STM32Cube HAL\USB_HOST</Filter>
    </ClInclude>
    <ClInclude Include="Middlewares\ST\STM32_USB_Host_Library\Core\Inc\usbh_def.h">
      <Filter>Header files\STM32Cube HAL\USB_HOST</Filter>
    </ClInclude>
    <ClInclude Include="Middlewares\ST\STM32_USB_Host_Library\Core\Inc\usbh_ioreq.h">
      <Filter>Header files\STM32Cube HAL\USB_HOST</Filter>
    </ClInclude>
    <ClInclude Include="Middlewares\ST\STM32_USB_Host_Library\Core\Inc\usbh_pipes.h">
      <Filter>Header files\STM32Cube HAL\USB_HOST</Filter>
    </ClInclude>
    <ClInclude Include="Middlewares\ST\STM32_USB_Host_Library\Class\CDC\Inc\usbh_cdc.h">
      <Filter>Header files\STM32Cube HAL\USB_HOST</Filter>
    </ClInclude>
    <ClInclude Include="Drivers\STM32F4xx_HAL_Driver\Inc\stm32f4xx_hal_exti.h">
      <Filter>Header files\STM32Cube HAL\EXTI</Filter>
    </ClInclude>
    <ClInclude Include="Drivers\STM32F4xx_HAL_Driver\Inc\stm32f4xx_hal_dma2d.h">
      <Filter>Header files\STM32Cube HAL\DMA2D</Filter>
    </ClInclude>
    <ClInclude Include="Drivers\STM32F4xx_HAL_Driver\Inc\stm32f4xx_ll_fmc.h">
      <Filter>Header files\STM32Cube HAL\NAND</Filter>
    </ClInclude>
    <ClInclude Include="Middlewares\Third_Party\FreeRTOS\Source\include\croutine.h">
      <Filter>Header files\STM32Cube HAL\FREERTOS</Filter>
    </ClInclude>
    <ClInclude Include="Middlewares\Third_Party\FreeRTOS\Source\include\deprecated_definitions.h">
      <Filter>Header files\STM32Cube HAL\FREERTOS</Filter>
    </ClInclude>
    <ClInclude Include="Middlewares\Third_Party\FreeRTOS\Source\include\event_groups.h">
      <Filter>Header files\STM32Cube HAL\FREERTOS</Filter>
    </ClInclude>
    <ClInclude Include="Middlewares\Third_Party\FreeRTOS\Source\include\FreeRTOS.h">
      <Filter>Header files\STM32Cube HAL\FREERTOS</Filter>
    </ClInclude>
    <ClInclude Include="Middlewares\Third_Party\FreeRTOS\Source\include\list.h">
      <Filter>Header files\STM32Cube HAL\FREERTOS</Filter>
    </ClInclude>
    <ClInclude Include="Middlewares\Third_Party\FreeRTOS\Source\include\message_buffer.h">
      <Filter>Header files\STM32Cube HAL\FREERTOS</Filter>
    </ClInclude>
    <ClInclude Include="Middlewares\Third_Party\FreeRTOS\Source\include\mpu_prototypes.h">
      <Filter>Header files\STM32Cube HAL\FREERTOS</Filter>
    </ClInclude>
    <ClInclude Include="Middlewares\Third_Party\FreeRTOS\Source\include\mpu_wrappers.h">
      <Filter>Header files\STM32Cube HAL\FREERTOS</Filter>
    </ClInclude>
    <ClInclude Include="Middlewares\Third_Party\FreeRTOS\Source\include\portable.h">
      <Filter>Header files\STM32Cube HAL\FREERTOS</Filter>
    </ClInclude>
    <ClInclude Include="Middlewares\Third_Party\FreeRTOS\Source\include\projdefs.h">
      <Filter>Header files\STM32Cube HAL\FREERTOS</Filter>
    </ClInclude>
    <ClInclude Include="Middlewares\Third_Party\FreeRTOS\Source\include\queue.h">
      <Filter>Header files\STM32Cube HAL\FREERTOS</Filter>
    </ClInclude>
    <ClInclude Include="Middlewares\Third_Party\FreeRTOS\Source\include\semphr.h">
      <Filter>Header files\STM32Cube HAL\FREERTOS</Filter>
    </ClInclude>
    <ClInclude Include="Middlewares\Third_Party\FreeRTOS\Source\include\stack_macros.h">
      <Filter>Header files\STM32Cube HAL\FREERTOS</Filter>
    </ClInclude>
    <ClInclude Include="Middlewares\Third_Party\FreeRTOS\Source\include\StackMacros.h">
      <Filter>Header files\STM32Cube HAL\FREERTOS</Filter>
    </ClInclude>
    <ClInclude Include="Middlewares\Third_Party\FreeRTOS\Source\include\stream_buffer.h">
      <Filter>Header files\STM32Cube HAL\FREERTOS</Filter>
    </ClInclude>
    <ClInclude Include="Middlewares\Third_Party\FreeRTOS\Source\include\task.h">
      <Filter>Header files\STM32Cube HAL\FREERTOS</Filter>
    </ClInclude>
    <ClInclude Include="Middlewares\Third_Party\FreeRTOS\Source\include\timers.h">
      <Filter>Header files\STM32Cube HAL\FREERTOS</Filter>
    </ClInclude>
    <ClInclude Include="Drivers\STM32F4xx_HAL_Driver\Inc\stm32f4xx_ll_sdmmc.h">
      <Filter>Header files\STM32Cube HAL\SDIO</Filter>
    </ClInclude>
    <ClInclude Include="Drivers\STM32F4xx_HAL_Driver\Inc\stm32f4xx_hal_sd.h">
      <Filter>Header files\STM32Cube HAL\SD</Filter>
    </ClInclude>
    <ClInclude Include="Drivers\STM32F4xx_HAL_Driver\Inc\stm32f4xx_hal_dma_ex.h">
      <Filter>Header files\STM32Cube HAL\DMA</Filter>
    </ClInclude>
    <ClInclude Include="Drivers\STM32F4xx_HAL_Driver\Inc\stm32f4xx_hal_dma.h">
      <Filter>Header files\STM32Cube HAL\DMA</Filter>
    </ClInclude>
    <ClInclude Include="Drivers\STM32F4xx_HAL_Driver\Inc\stm32f4xx_hal_dsi.h">
      <Filter>Header files\STM32Cube HAL\DSI</Filter>
    </ClInclude>
    <ClInclude Include="Drivers\STM32F4xx_HAL_Driver\Inc\stm32f4xx_hal_i2c.h">
      <Filter>Header files\STM32Cube HAL\I2C</Filter>
    </ClInclude>
    <ClInclude Include="Drivers\STM32F4xx_HAL_Driver\Inc\stm32f4xx_hal_i2c_ex.h">
      <Filter>Header files\STM32Cube HAL\I2C</Filter>
    </ClInclude>
    <ClInclude Include="Drivers\STM32F4xx_HAL_Driver\Inc\stm32f4xx_hal_ltdc.h">
      <Filter>Header files\STM32Cube HAL\LTDC</Filter>
    </ClInclude>
    <ClInclude Include="Drivers\STM32F4xx_HAL_Driver\Inc\stm32f4xx_hal_ltdc_ex.h">
      <Filter>Header files\STM32Cube HAL\LTDC</Filter>
    </ClInclude>
    <ClInclude Include="Drivers\STM32F4xx_HAL_Driver\Inc\stm32f4xx_hal_hcd.h">
      <Filter>Header files\STM32Cube HAL\HCD</Filter>
    </ClInclude>
    <ClInclude Include="Drivers\STM32F4xx_HAL_Driver\Inc\stm32f4xx_ll_usb.h">
      <Filter>Header files\STM32Cube HAL\HCD</Filter>
    </ClInclude>
    <ClInclude Include="Drivers\STM32F4xx_HAL_Driver\Inc\stm32f4xx_hal_uart.h">
      <Filter>Header files\STM32Cube HAL\UART</Filter>
    </ClInclude>
    <ClInclude Include="Drivers\STM32F4xx_HAL_Driver\Inc\stm32f4xx_hal_pwr.h">
      <Filter>Header files\STM32Cube HAL\PWR</Filter>
    </ClInclude>
    <ClInclude Include="Drivers\STM32F4xx_HAL_Driver\Inc\stm32f4xx_hal_pwr_ex.h">
      <Filter>Header files\STM32Cube HAL\PWR</Filter>
    </ClInclude>
    <ClInclude Include="Drivers\STM32F4xx_HAL_Driver\Inc\stm32f4xx_hal_flash.h">
      <Filter>Header files\STM32Cube HAL\FLASH</Filter>
    </ClInclude>
    <ClInclude Include="Drivers\STM32F4xx_HAL_Driver\Inc\stm32f4xx_hal_flash_ex.h">
      <Filter>Header files\STM32Cube HAL\FLASH</Filter>
    </ClInclude>
    <ClInclude Include="Drivers\STM32F4xx_HAL_Driver\Inc\stm32f4xx_hal_flash_ramfunc.h">
      <Filter>Header files\STM32Cube HAL\FLASH</Filter>
    </ClInclude>
    <ClInclude Include="Drivers\STM32F4xx_HAL_Driver\Inc\stm32f4xx_hal_gpio.h">
      <Filter>Header files\STM32Cube HAL\GPIO</Filter>
    </ClInclude>
    <ClInclude Include="Drivers\STM32F4xx_HAL_Driver\Inc\stm32f4xx_hal_gpio_ex.h">
      <Filter>Header files\STM32Cube HAL\GPIO</Filter>
    </ClInclude>
    <ClInclude Include="Drivers\STM32F4xx_HAL_Driver\Inc\stm32f4xx_hal_rcc.h">
      <Filter>Header files\STM32Cube HAL\RCC</Filter>
    </ClInclude>
    <ClInclude Include="Drivers\STM32F4xx_HAL_Driver\Inc\stm32f4xx_hal_rcc_ex.h">
      <Filter>Header files\STM32Cube HAL\RCC</Filter>
    </ClInclude>
    <ClInclude Include="Drivers\STM32F4xx_HAL_Driver\Inc\stm32f4xx_hal_cortex.h">
      <Filter>Header files\STM32Cube HAL\CORTEX</Filter>
    </ClInclude>
    <ClInclude Include="Drivers\STM32F4xx_HAL_Driver\Inc\stm32f4xx_hal_crc.h">
      <Filter>Header files\STM32Cube HAL\CRC</Filter>
    </ClInclude>
    <ClInclude Include="Drivers\STM32F4xx_HAL_Driver\Inc\stm32f4xx_hal_tim.h">
      <Filter>Header files\STM32Cube HAL\TIM</Filter>
    </ClInclude>
    <ClInclude Include="Drivers\STM32F4xx_HAL_Driver\Inc\stm32f4xx_hal_tim_ex.h">
      <Filter>Header files\STM32Cube HAL\TIM</Filter>
    </ClInclude>
    <ClInclude Include="Drivers\STM32F4xx_HAL_Driver\Inc\stm32f4xx_hal_sai.h">
      <Filter>Header files\STM32Cube HAL\SAI</Filter>
    </ClInclude>
    <ClInclude Include="Drivers\STM32F4xx_HAL_Driver\Inc\stm32f4xx_hal_sai_ex.h">
      <Filter>Header files\STM32Cube HAL\SAI</Filter>
    </ClInclude>
    <ClInclude Include="Drivers\STM32F4xx_HAL_Driver\Inc\stm32f4xx_hal_sdram.h">
      <Filter>Header files\STM32Cube HAL\SDRAM</Filter>
    </ClInclude>
    <ClInclude Include="Drivers\STM32F4xx_HAL_Driver\Inc\stm32f4xx_hal_qspi.h">
      <Filter>Header files\STM32Cube HAL\QSPI</Filter>
    </ClInclude>
    <ClInclude Include="Middlewares\Third_Party\FatFs\src\diskio.h">
      <Filter>Header files\STM32Cube HAL\FATFS</Filter>
    </ClInclude>
    <ClInclude Include="Middlewares\Third_Party\FatFs\src\ff.h">
      <Filter>Header files\STM32Cube HAL\FATFS</Filter>
    </ClInclude>
    <ClInclude Include="Middlewares\Third_Party\FatFs\src\ff_gen_drv.h">
      <Filter>Header files\STM32Cube HAL\FATFS</Filter>
    </ClInclude>
    <ClInclude Include="Middlewares\Third_Party\FatFs\src\integer.h">
      <Filter>Header files\STM32Cube HAL\FATFS</Filter>
    </ClInclude>
    <None Include="test_sai2-Debug.vgdbsettings">
      <Filter>VisualGDB settings</Filter>
    </None>
    <None Include="test_sai2-Release.vgdbsettings">
      <Filter>VisualGDB settings</Filter>
    </None>
    <None Include="stm32.xml">
      <Filter>VisualGDB settings</Filter>
    </None>
    <ClCompile Include="Middlewares\Third_Party\FreeRTOS\Source\portable\MemMang\heap_4.c">
      <Filter>Source files</Filter>
    </ClCompile>
    <ClCompile Include="$(EFP_BASE)\Profiler\FastSemihosting.cpp">
      <Filter>Source files\Device-specific files\Semihosting/Profiler</Filter>
    </ClCompile>
    <ClCompile Include="$(EFP_BASE)\Profiler\SamplingProfiler.cpp">
      <Filter>Source files\Device-specific files\Semihosting/Profiler</Filter>
    </ClCompile>
    <ClCompile Include="$(EFP_BASE)\Profiler\InstrumentingProfiler.cpp">
      <Filter>Source files\Device-specific files\Semihosting/Profiler</Filter>
    </ClCompile>
    <ClCompile Include="$(EFP_BASE)\Profiler\TestResourceManager.cpp">
      <Filter>Source files\Device-specific files\Semihosting/Profiler</Filter>
    </ClCompile>
    <ClInclude Include="$(EFP_BASE)\Profiler\SysprogsProfiler.h">
      <Filter>Header files\Device-specific files\Semihosting/Profiler</Filter>
    </ClInclude>
    <ClInclude Include="$(EFP_BASE)\Profiler\SmallNumberCoder.h">
      <Filter>Header files\Device-specific files\Semihosting/Profiler</Filter>
    </ClInclude>
    <ClInclude Include="$(EFP_BASE)\Profiler\SysprogsProfilerInterface.h">
      <Filter>Header files\Device-specific files\Semihosting/Profiler</Filter>
    </ClInclude>
    <ClInclude Include="$(EFP_BASE)\Profiler\ProfilerFreeRTOSHooks.h">
      <Filter>Header files\Device-specific files\Semihosting/Profiler</Filter>
    </ClInclude>
    <ClInclude Include="$(EFP_BASE)\Profiler\CustomRealTimeWatches.h">
      <Filter>Header files\Device-specific files\Semihosting/Profiler</Filter>
    </ClInclude>
    <ClInclude Include="$(EFP_BASE)\Profiler\DebuggerChecker.h">
      <Filter>Header files\Device-specific files\Semihosting/Profiler</Filter>
    </ClInclude>
    <ClCompile Include="Middlewares\ST\BSP\stm32469i_discovery_sd.c">
      <Filter>Source files</Filter>
    </ClCompile>
    <ClCompile Include="Middlewares\ST\BSP\stm32469i_discovery.c">
      <Filter>Source files</Filter>
    </ClCompile>
    <ClCompile Include="Middlewares\ST\BSP\stm32469i_discovery_audio.c">
      <Filter>Source files</Filter>
    </ClCompile>
    <ClCompile Include="Middlewares\ST\components\cs43l22\cs43l22.c">
      <Filter>Source files</Filter>
    </ClCompile>
    <ClCompile Include="Src\waveplayer.c">
      <Filter>Source files</Filter>
    </ClCompile>
    <ClCompile Include="$(EFP_BASE)\Profiler\ProfilerRTOS_FreeRTOS.c">
      <Filter>Source files\Device-specific files\Semihosting/Profiler</Filter>
    </ClCompile>
    <ClCompile Include="Src\ccsbcs.c">
      <Filter>Source files</Filter>
    </ClCompile>
    <ClCompile Include="Middlewares\Third_Party\FatFs\src\option\ccsbcs.c">
      <Filter>Source files\STM32Cube HAL\FATFS</Filter>
    </ClCompile>
  </ItemGroup>
  <ItemGroup>
    <ClInclude Include="Middlewares\ST\BSP\stm32469i_discovery_sd.h">
      <Filter>Header files</Filter>
    </ClInclude>
    <ClInclude Include="Middlewares\ST\BSP\stm32469i_discovery.h">
      <Filter>Header files</Filter>
    </ClInclude>
    <ClInclude Include="Middlewares\ST\BSP\stm32469i_discovery_audio.h">
      <Filter>Header files</Filter>
    </ClInclude>
    <ClInclude Include="Middlewares\ST\components\cs43l22\cs43l22.h">
      <Filter>Header files</Filter>
    </ClInclude>
    <ClInclude Include="Drivers\STM32F4xx_HAL_Driver\Inc\stm32f4xx_hal_i2s.h">
      <Filter>Header files</Filter>
    </ClInclude>
    <ClInclude Include="Drivers\STM32F4xx_HAL_Driver\Inc\stm32f4xx_hal_i2s_ex.h">
      <Filter>Header files</Filter>
    </ClInclude>
    <ClInclude Include="Inc\waveplayer.h">
      <Filter>Header files</Filter>
    </ClInclude>
  </ItemGroup>
</Project>