<?xml version="1.0" encoding="utf-8"?>
<Project ToolsVersion="4.0" xmlns="http://schemas.microsoft.com/developer/msbuild/2003">
  <ItemGroup>
    <Filter Include="Source files">
      <UniqueIdentifier>{0895ba59-36e6-4993-8ccc-2057570dd463}</UniqueIdentifier>
      <Extensions>cpp;c;cc;cxx;def;odl;idl;hpj;bat;asm;asmx</Extensions>
    </Filter>
    <Filter Include="Header files">
      <UniqueIdentifier>{60643cff-0d5a-45c2-b3fa-668a9a7d22f5}</UniqueIdentifier>
      <Extensions>h;hpp;hxx;hm;inl;inc;xsd</Extensions>
    </Filter>
    <Filter Include="Resource files">
      <UniqueIdentifier>{593d5421-4e9c-4dd3-ba6f-ea3d2ca435e0}</UniqueIdentifier>
      <Extensions>rc;ico;cur;bmp;dlg;rc2;rct;bin;rgs;gif;jpg;jpeg;jpe;resx;tiff;tif;png;wav</Extensions>
    </Filter>
    <Filter Include="Source files\Application">
      <UniqueIdentifier>{1f8a7291-4267-43e3-81c4-e11ece9dc895}</UniqueIdentifier>
    </Filter>
    <Filter Include="Source files\Application\User">
      <UniqueIdentifier>{2816b3af-0566-4506-bf79-b8c5e59c933a}</UniqueIdentifier>
    </Filter>
    <Filter Include="Source files\Application\User\generated">
      <UniqueIdentifier>{20032b41-cbe2-410c-800e-08eb770ad510}</UniqueIdentifier>
    </Filter>
    <Filter Include="Source files\Application\User\gui">
      <UniqueIdentifier>{3b85d3d6-d7a9-477f-aa9b-8b3ed6531c8c}</UniqueIdentifier>
    </Filter>
    <Filter Include="Source files\Application\User\TouchGFX">
      <UniqueIdentifier>{94e9af40-48f7-4f4b-b858-6202c5cbbb8c}</UniqueIdentifier>
    </Filter>
    <Filter Include="Source files\Application\User\TouchGFX\App">
      <UniqueIdentifier>{044ce3d1-7204-4ba5-9df1-69f35ac2f237}</UniqueIdentifier>
    </Filter>
    <Filter Include="Source files\Application\User\TouchGFX\target">
      <UniqueIdentifier>{680328a1-0a33-4474-b6e3-5374ee6919a8}</UniqueIdentifier>
    </Filter>
    <Filter Include="Source files\Application\User\TouchGFX\target\generated">
      <UniqueIdentifier>{d265c427-d2a4-4a21-91d7-874ff929125d}</UniqueIdentifier>
    </Filter>
    <Filter Include="Source files\Drivers">
      <UniqueIdentifier>{67992af4-480e-4515-aa13-00d892ef8227}</UniqueIdentifier>
    </Filter>
    <Filter Include="Source files\Drivers\CMSIS">
      <UniqueIdentifier>{ea4a63b9-cc47-4001-bad1-a59ab4aaf688}</UniqueIdentifier>
    </Filter>
    <Filter Include="Source files\Drivers\STM32F4xx_HAL_Driver">
      <UniqueIdentifier>{cb5eb48c-0a9d-4fd2-a8a5-6a5517440601}</UniqueIdentifier>
    </Filter>
    <Filter Include="Source files\Drivers\BSP">
      <UniqueIdentifier>{3302486d-327b-4855-ade5-81947a2d58ce}</UniqueIdentifier>
    </Filter>
    <Filter Include="Source files\Drivers\BSP\Components">
      <UniqueIdentifier>{2bb2c8b4-2a02-4d56-a640-adeee4b6a284}</UniqueIdentifier>
    </Filter>
    <Filter Include="Source files\Drivers\BSP\STM32469I-Discovery">
      <UniqueIdentifier>{d43538f2-c123-48eb-a4c2-75226cd20e87}</UniqueIdentifier>
    </Filter>
    <Filter Include="Source files\Middlewares">
      <UniqueIdentifier>{ef40d353-5bc8-430e-a7ba-d16e9f7a0dcc}</UniqueIdentifier>
    </Filter>
    <Filter Include="Source files\Middlewares\FreeRTOS">
      <UniqueIdentifier>{671d0a92-a502-4629-a96c-248b05fe9556}</UniqueIdentifier>
    </Filter>
    <Filter Include="Source files\Device-specific files">
      <UniqueIdentifier>{89b61ee1-28d7-426f-b0ce-0f24f32c9a9e}</UniqueIdentifier>
    </Filter>
    <Filter Include="Header files\Application">
      <UniqueIdentifier>{3858d51c-e961-457f-a72f-27092ae35a24}</UniqueIdentifier>
    </Filter>
    <Filter Include="Header files\Application\User">
      <UniqueIdentifier>{1692fe63-6980-4a94-915a-c1cd146b4cef}</UniqueIdentifier>
    </Filter>
    <Filter Include="Header files\Application\User\generated">
      <UniqueIdentifier>{1f28b5a0-bd42-4e73-851a-efda2ced5026}</UniqueIdentifier>
    </Filter>
    <Filter Include="Header files\Application\User\gui">
      <UniqueIdentifier>{c7d4f3de-c4b7-4f06-b788-bcf56c849570}</UniqueIdentifier>
    </Filter>
    <Filter Include="Header files\Application\User\TouchGFX">
      <UniqueIdentifier>{f05c9bb2-1984-4f9a-aa3c-c68ff9d2a92a}</UniqueIdentifier>
    </Filter>
    <Filter Include="Header files\Application\User\TouchGFX\App">
      <UniqueIdentifier>{c447814f-3eb6-4d25-9672-c693cc0272b3}</UniqueIdentifier>
    </Filter>
    <Filter Include="Header files\Application\User\TouchGFX\target">
      <UniqueIdentifier>{b957bd67-5500-4606-8c8d-c75cf446c7e4}</UniqueIdentifier>
    </Filter>
    <Filter Include="Header files\Application\User\TouchGFX\target\generated">
      <UniqueIdentifier>{e35a8c96-40c1-41ae-b0d5-9a8951a9c650}</UniqueIdentifier>
    </Filter>
    <Filter Include="Header files\Drivers">
      <UniqueIdentifier>{9182401a-ac86-4058-bbf8-656bf2f9e354}</UniqueIdentifier>
    </Filter>
    <Filter Include="Header files\Drivers\CMSIS">
      <UniqueIdentifier>{16ba64bb-3aca-44e1-96bb-aabb116537c7}</UniqueIdentifier>
    </Filter>
    <Filter Include="Header files\Drivers\STM32F4xx_HAL_Driver">
      <UniqueIdentifier>{b68d52d1-ad25-4fa5-984d-62d3805a169d}</UniqueIdentifier>
    </Filter>
    <Filter Include="Header files\Drivers\BSP">
      <UniqueIdentifier>{97bc2b87-ff64-4beb-8e52-33f490c44c09}</UniqueIdentifier>
    </Filter>
    <Filter Include="Header files\Drivers\BSP\Components">
      <UniqueIdentifier>{4f9e9c69-8063-4ba8-875d-add02c8918ae}</UniqueIdentifier>
    </Filter>
    <Filter Include="Header files\Drivers\BSP\STM32469I-Discovery">
      <UniqueIdentifier>{1fc477c3-f1bc-4052-8c28-d59bef92ef8a}</UniqueIdentifier>
    </Filter>
    <Filter Include="Header files\Middlewares">
      <UniqueIdentifier>{cc87249c-04da-4558-a22d-5e9b4ddbf13f}</UniqueIdentifier>
    </Filter>
    <Filter Include="Header files\Middlewares\FreeRTOS">
      <UniqueIdentifier>{d9c45bc3-e25f-45e9-9c50-c78e084b16fd}</UniqueIdentifier>
    </Filter>
    <Filter Include="Header files\Device-specific files">
      <UniqueIdentifier>{1092e59e-c0a9-49ad-bdb9-f313f691032f}</UniqueIdentifier>
    </Filter>
    <Filter Include="VisualGDB settings">
      <UniqueIdentifier>{0022a5b1-5219-4ff4-8094-3b91fe1cd205}</UniqueIdentifier>
    </Filter>
    <Filter Include="Source files\Application\User\FATFS">
      <UniqueIdentifier>{41c5c123-5c0b-4c9c-a429-45c9145426bf}</UniqueIdentifier>
    </Filter>
    <Filter Include="Source files\Application\User\FATFS\App">
      <UniqueIdentifier>{d0ea4765-62d3-4737-b649-a5f5b09b043e}</UniqueIdentifier>
    </Filter>
    <Filter Include="Source files\Application\User\FATFS\Target">
      <UniqueIdentifier>{9dda0623-259a-44c3-8193-4d53cb0561a6}</UniqueIdentifier>
    </Filter>
    <Filter Include="Source files\Middlewares\FatFs">
      <UniqueIdentifier>{a6630873-5981-4d57-9ca3-5fced329864f}</UniqueIdentifier>
    </Filter>
    <Filter Include="Header files\Application\User\FATFS">
      <UniqueIdentifier>{27af12d3-ac94-488e-87e1-f1e03d04ebdf}</UniqueIdentifier>
    </Filter>
    <Filter Include="Header files\Application\User\FATFS\App">
      <UniqueIdentifier>{1830fb57-373f-48d4-bee3-c4a40621c810}</UniqueIdentifier>
    </Filter>
    <Filter Include="Header files\Application\User\FATFS\Target">
      <UniqueIdentifier>{f8d7e68c-b56f-4a1a-ba7e-d38a17810737}</UniqueIdentifier>
    </Filter>
    <Filter Include="Header files\Middlewares\FatFs">
      <UniqueIdentifier>{992d70c2-0808-4b61-b1ad-a9134a24b811}</UniqueIdentifier>
    </Filter>
    <Filter Include="Source files\Middlewares\OpenLCB">
      <UniqueIdentifier>{0989b24e-8f1f-42b1-a64c-ebc2a71ccbe7}</UniqueIdentifier>
    </Filter>
    <Filter Include="Source files\Middlewares\OpenLCB\STM32F469xx">
      <UniqueIdentifier>{19da1170-ba66-47ee-8caf-96f308ad03ca}</UniqueIdentifier>
    </Filter>
    <Filter Include="Source files\Application\User\Audio">
      <UniqueIdentifier>{37ad516c-809c-4cbf-9c0d-d11882f447dc}</UniqueIdentifier>
    </Filter>
    <Filter Include="Source files\Device-specific files\Semihosting/Profiler">
      <UniqueIdentifier>{297c5d74-6e01-41ba-9bca-c32bbe4b36a0}</UniqueIdentifier>
    </Filter>
    <Filter Include="Header files\Device-specific files\Semihosting/Profiler">
      <UniqueIdentifier>{05e9e9f2-cda3-4394-9ad0-2b31f7addf94}</UniqueIdentifier>
    </Filter>
  </ItemGroup>
  <ItemGroup>
    <ClCompile Include="..\TouchGFX\Core\Src\freertos.c">
      <Filter>Source files\Application\User</Filter>
    </ClCompile>
    <ClCompile Include="..\TouchGFX\Core\Src\main.c">
      <Filter>Source files\Application\User</Filter>
    </ClCompile>
    <ClCompile Include="..\TouchGFX\Core\Src\stm32f4xx_hal_msp.c">
      <Filter>Source files\Application\User</Filter>
    </ClCompile>
    <ClCompile Include="..\TouchGFX\Core\Src\stm32f4xx_hal_timebase_tim.c">
      <Filter>Source files\Application\User</Filter>
    </ClCompile>
    <ClCompile Include="..\TouchGFX\Core\Src\stm32f4xx_it.c">
      <Filter>Source files\Application\User</Filter>
    </ClCompile>
    <ClCompile Include="..\TouchGFX\TouchGFX\generated\fonts\src\ApplicationFontProvider.cpp">
      <Filter>Source files\Application\User\generated</Filter>
    </ClCompile>
    <ClCompile Include="..\TouchGFX\TouchGFX\generated\images\src\BitmapDatabase.cpp">
      <Filter>Source files\Application\User\generated</Filter>
    </ClCompile>
    <ClCompile Include="..\TouchGFX\TouchGFX\generated\fonts\src\CachedFont.cpp">
      <Filter>Source files\Application\User\generated</Filter>
    </ClCompile>
    <ClCompile Include="..\TouchGFX\TouchGFX\generated\fonts\src\FontCache.cpp">
      <Filter>Source files\Application\User\generated</Filter>
    </ClCompile>
    <ClCompile Include="..\TouchGFX\TouchGFX\generated\fonts\src\Font_Asap_Regular_80_4bpp_0.cpp">
      <Filter>Source files\Application\User\generated</Filter>
    </ClCompile>
    <ClCompile Include="..\TouchGFX\TouchGFX\generated\gui_generated\src\common\FrontendApplicationBase.cpp">
      <Filter>Source files\Application\User\generated</Filter>
    </ClCompile>
    <ClCompile Include="..\TouchGFX\TouchGFX\generated\fonts\src\GeneratedFont.cpp">
      <Filter>Source files\Application\User\generated</Filter>
    </ClCompile>
    <ClCompile Include="..\TouchGFX\TouchGFX\generated\fonts\src\Kerning_Asap_Regular_80_4bpp.cpp">
      <Filter>Source files\Application\User\generated</Filter>
    </ClCompile>
    <ClCompile Include="..\TouchGFX\TouchGFX\generated\texts\src\LanguageGb.cpp">
      <Filter>Source files\Application\User\generated</Filter>
    </ClCompile>
    <ClCompile Include="..\TouchGFX\TouchGFX\generated\gui_generated\src\main_screen\MainViewBase.cpp">
      <Filter>Source files\Application\User\generated</Filter>
    </ClCompile>
    <ClCompile Include="..\TouchGFX\TouchGFX\generated\fonts\src\Table_Asap_Regular_80_4bpp.cpp">
      <Filter>Source files\Application\User\generated</Filter>
    </ClCompile>
    <ClCompile Include="..\TouchGFX\TouchGFX\generated\texts\src\Texts.cpp">
      <Filter>Source files\Application\User\generated</Filter>
    </ClCompile>
    <ClCompile Include="..\TouchGFX\TouchGFX\generated\texts\src\TypedTextDatabase.cpp">
      <Filter>Source files\Application\User\generated</Filter>
    </ClCompile>
    <ClCompile Include="..\TouchGFX\TouchGFX\generated\images\src\counter_box.cpp">
      <Filter>Source files\Application\User\generated</Filter>
    </ClCompile>
    <ClCompile Include="..\TouchGFX\TouchGFX\generated\images\src\down_btn.cpp">
      <Filter>Source files\Application\User\generated</Filter>
    </ClCompile>
    <ClCompile Include="..\TouchGFX\TouchGFX\generated\images\src\down_btn_disabled.cpp">
      <Filter>Source files\Application\User\generated</Filter>
    </ClCompile>
    <ClCompile Include="..\TouchGFX\TouchGFX\generated\images\src\down_btn_pressed.cpp">
      <Filter>Source files\Application\User\generated</Filter>
    </ClCompile>
    <ClCompile Include="..\TouchGFX\TouchGFX\generated\images\src\up_btn.cpp">
      <Filter>Source files\Application\User\generated</Filter>
    </ClCompile>
    <ClCompile Include="..\TouchGFX\TouchGFX\generated\images\src\up_btn_disabled.cpp">
      <Filter>Source files\Application\User\generated</Filter>
    </ClCompile>
    <ClCompile Include="..\TouchGFX\TouchGFX\generated\images\src\up_btn_pressed.cpp">
      <Filter>Source files\Application\User\generated</Filter>
    </ClCompile>
    <ClCompile Include="..\TouchGFX\TouchGFX\gui\src\common\FrontendApplication.cpp">
      <Filter>Source files\Application\User\gui</Filter>
    </ClCompile>
    <ClCompile Include="..\TouchGFX\TouchGFX\gui\src\main_screen\MainPresenter.cpp">
      <Filter>Source files\Application\User\gui</Filter>
    </ClCompile>
    <ClCompile Include="..\TouchGFX\TouchGFX\gui\src\main_screen\MainView.cpp">
      <Filter>Source files\Application\User\gui</Filter>
    </ClCompile>
    <ClCompile Include="..\TouchGFX\TouchGFX\gui\src\model\Model.cpp">
      <Filter>Source files\Application\User\gui</Filter>
    </ClCompile>
    <ClCompile Include="..\TouchGFX\TouchGFX\App\app_touchgfx.c">
      <Filter>Source files\Application\User\TouchGFX\App</Filter>
    </ClCompile>
    <ClCompile Include="..\TouchGFX\TouchGFX\target\Buttons.cpp">
      <Filter>Source files\Application\User\TouchGFX\target</Filter>
    </ClCompile>
    <ClCompile Include="..\TouchGFX\TouchGFX\target\CortexMMCUInstrumentation.cpp">
      <Filter>Source files\Application\User\TouchGFX\target</Filter>
    </ClCompile>
    <ClCompile Include="..\TouchGFX\TouchGFX\target\KeySampler.cpp">
      <Filter>Source files\Application\User\TouchGFX\target</Filter>
    </ClCompile>
    <ClCompile Include="..\TouchGFX\TouchGFX\target\STM32TouchController.cpp">
      <Filter>Source files\Application\User\TouchGFX\target</Filter>
    </ClCompile>
    <ClCompile Include="..\TouchGFX\TouchGFX\target\TouchGFXGPIO.cpp">
      <Filter>Source files\Application\User\TouchGFX\target</Filter>
    </ClCompile>
    <ClCompile Include="..\TouchGFX\TouchGFX\target\TouchGFXHAL.cpp">
      <Filter>Source files\Application\User\TouchGFX\target</Filter>
    </ClCompile>
    <ClCompile Include="..\TouchGFX\TouchGFX\target\generated\OSWrappers.cpp">
      <Filter>Source files\Application\User\TouchGFX\target\generated</Filter>
    </ClCompile>
    <ClCompile Include="..\TouchGFX\TouchGFX\target\generated\STM32DMA.cpp">
      <Filter>Source files\Application\User\TouchGFX\target\generated</Filter>
    </ClCompile>
    <ClCompile Include="..\TouchGFX\TouchGFX\target\generated\TouchGFXConfiguration.cpp">
      <Filter>Source files\Application\User\TouchGFX\target\generated</Filter>
    </ClCompile>
    <ClCompile Include="..\TouchGFX\TouchGFX\target\generated\TouchGFXGeneratedHAL.cpp">
      <Filter>Source files\Application\User\TouchGFX\target\generated</Filter>
    </ClCompile>
    <ClCompile Include="..\TouchGFX\Core\Src\system_stm32f4xx.c">
      <Filter>Source files\Drivers\CMSIS</Filter>
    </ClCompile>
    <ClCompile Include="..\TouchGFX\Drivers\STM32F4xx_HAL_Driver\Src\stm32f4xx_hal.c">
      <Filter>Source files\Drivers\STM32F4xx_HAL_Driver</Filter>
    </ClCompile>
    <ClCompile Include="..\TouchGFX\Drivers\STM32F4xx_HAL_Driver\Src\stm32f4xx_hal_cortex.c">
      <Filter>Source files\Drivers\STM32F4xx_HAL_Driver</Filter>
    </ClCompile>
    <ClCompile Include="..\TouchGFX\Drivers\STM32F4xx_HAL_Driver\Src\stm32f4xx_hal_crc.c">
      <Filter>Source files\Drivers\STM32F4xx_HAL_Driver</Filter>
    </ClCompile>
    <ClCompile Include="..\TouchGFX\Drivers\STM32F4xx_HAL_Driver\Src\stm32f4xx_hal_dma.c">
      <Filter>Source files\Drivers\STM32F4xx_HAL_Driver</Filter>
    </ClCompile>
    <ClCompile Include="..\TouchGFX\Drivers\STM32F4xx_HAL_Driver\Src\stm32f4xx_hal_dma2d.c">
      <Filter>Source files\Drivers\STM32F4xx_HAL_Driver</Filter>
    </ClCompile>
    <ClCompile Include="..\TouchGFX\Drivers\STM32F4xx_HAL_Driver\Src\stm32f4xx_hal_dma_ex.c">
      <Filter>Source files\Drivers\STM32F4xx_HAL_Driver</Filter>
    </ClCompile>
    <ClCompile Include="..\TouchGFX\Drivers\STM32F4xx_HAL_Driver\Src\stm32f4xx_hal_dsi.c">
      <Filter>Source files\Drivers\STM32F4xx_HAL_Driver</Filter>
    </ClCompile>
    <ClCompile Include="..\TouchGFX\Drivers\STM32F4xx_HAL_Driver\Src\stm32f4xx_hal_exti.c">
      <Filter>Source files\Drivers\STM32F4xx_HAL_Driver</Filter>
    </ClCompile>
    <ClCompile Include="..\TouchGFX\Drivers\STM32F4xx_HAL_Driver\Src\stm32f4xx_hal_flash.c">
      <Filter>Source files\Drivers\STM32F4xx_HAL_Driver</Filter>
    </ClCompile>
    <ClCompile Include="..\TouchGFX\Drivers\STM32F4xx_HAL_Driver\Src\stm32f4xx_hal_flash_ex.c">
      <Filter>Source files\Drivers\STM32F4xx_HAL_Driver</Filter>
    </ClCompile>
    <ClCompile Include="..\TouchGFX\Drivers\STM32F4xx_HAL_Driver\Src\stm32f4xx_hal_flash_ramfunc.c">
      <Filter>Source files\Drivers\STM32F4xx_HAL_Driver</Filter>
    </ClCompile>
    <ClCompile Include="..\TouchGFX\Drivers\STM32F4xx_HAL_Driver\Src\stm32f4xx_hal_gpio.c">
      <Filter>Source files\Drivers\STM32F4xx_HAL_Driver</Filter>
    </ClCompile>
    <ClCompile Include="..\TouchGFX\Drivers\STM32F4xx_HAL_Driver\Src\stm32f4xx_hal_i2c.c">
      <Filter>Source files\Drivers\STM32F4xx_HAL_Driver</Filter>
    </ClCompile>
    <ClCompile Include="..\TouchGFX\Drivers\STM32F4xx_HAL_Driver\Src\stm32f4xx_hal_i2c_ex.c">
      <Filter>Source files\Drivers\STM32F4xx_HAL_Driver</Filter>
    </ClCompile>
    <ClCompile Include="..\TouchGFX\Drivers\STM32F4xx_HAL_Driver\Src\stm32f4xx_hal_ltdc.c">
      <Filter>Source files\Drivers\STM32F4xx_HAL_Driver</Filter>
    </ClCompile>
    <ClCompile Include="..\TouchGFX\Drivers\STM32F4xx_HAL_Driver\Src\stm32f4xx_hal_ltdc_ex.c">
      <Filter>Source files\Drivers\STM32F4xx_HAL_Driver</Filter>
    </ClCompile>
    <ClCompile Include="..\TouchGFX\Drivers\STM32F4xx_HAL_Driver\Src\stm32f4xx_hal_pwr.c">
      <Filter>Source files\Drivers\STM32F4xx_HAL_Driver</Filter>
    </ClCompile>
    <ClCompile Include="..\TouchGFX\Drivers\STM32F4xx_HAL_Driver\Src\stm32f4xx_hal_pwr_ex.c">
      <Filter>Source files\Drivers\STM32F4xx_HAL_Driver</Filter>
    </ClCompile>
    <ClCompile Include="..\TouchGFX\Drivers\STM32F4xx_HAL_Driver\Src\stm32f4xx_hal_qspi.c">
      <Filter>Source files\Drivers\STM32F4xx_HAL_Driver</Filter>
    </ClCompile>
    <ClCompile Include="..\TouchGFX\Drivers\STM32F4xx_HAL_Driver\Src\stm32f4xx_hal_rcc.c">
      <Filter>Source files\Drivers\STM32F4xx_HAL_Driver</Filter>
    </ClCompile>
    <ClCompile Include="..\TouchGFX\Drivers\STM32F4xx_HAL_Driver\Src\stm32f4xx_hal_rcc_ex.c">
      <Filter>Source files\Drivers\STM32F4xx_HAL_Driver</Filter>
    </ClCompile>
    <ClCompile Include="..\TouchGFX\Drivers\STM32F4xx_HAL_Driver\Src\stm32f4xx_hal_sai.c">
      <Filter>Source files\Drivers\STM32F4xx_HAL_Driver</Filter>
    </ClCompile>
    <ClCompile Include="..\TouchGFX\Drivers\STM32F4xx_HAL_Driver\Src\stm32f4xx_hal_sai_ex.c">
      <Filter>Source files\Drivers\STM32F4xx_HAL_Driver</Filter>
    </ClCompile>
    <ClCompile Include="..\TouchGFX\Drivers\STM32F4xx_HAL_Driver\Src\stm32f4xx_hal_sd.c">
      <Filter>Source files\Drivers\STM32F4xx_HAL_Driver</Filter>
    </ClCompile>
    <ClCompile Include="..\TouchGFX\Drivers\STM32F4xx_HAL_Driver\Src\stm32f4xx_hal_sdram.c">
      <Filter>Source files\Drivers\STM32F4xx_HAL_Driver</Filter>
    </ClCompile>
    <ClCompile Include="..\TouchGFX\Drivers\STM32F4xx_HAL_Driver\Src\stm32f4xx_hal_tim.c">
      <Filter>Source files\Drivers\STM32F4xx_HAL_Driver</Filter>
    </ClCompile>
    <ClCompile Include="..\TouchGFX\Drivers\STM32F4xx_HAL_Driver\Src\stm32f4xx_hal_tim_ex.c">
      <Filter>Source files\Drivers\STM32F4xx_HAL_Driver</Filter>
    </ClCompile>
    <ClCompile Include="..\TouchGFX\Drivers\STM32F4xx_HAL_Driver\Src\stm32f4xx_hal_uart.c">
      <Filter>Source files\Drivers\STM32F4xx_HAL_Driver</Filter>
    </ClCompile>
    <ClCompile Include="..\TouchGFX\Drivers\STM32F4xx_HAL_Driver\Src\stm32f4xx_ll_fmc.c">
      <Filter>Source files\Drivers\STM32F4xx_HAL_Driver</Filter>
    </ClCompile>
    <ClCompile Include="..\TouchGFX\Drivers\STM32F4xx_HAL_Driver\Src\stm32f4xx_ll_sdmmc.c">
      <Filter>Source files\Drivers\STM32F4xx_HAL_Driver</Filter>
    </ClCompile>
    <ClCompile Include="..\TouchGFX\Drivers\BSP\Components\ft6x06\ft6x06.c">
      <Filter>Source files\Drivers\BSP\Components</Filter>
    </ClCompile>
    <ClCompile Include="..\TouchGFX\Drivers\BSP\Components\otm8009a\otm8009a.c">
      <Filter>Source files\Drivers\BSP\Components</Filter>
    </ClCompile>
    <ClCompile Include="..\TouchGFX\Drivers\BSP\STM32469I-Discovery\stm32469i_discovery.c">
      <Filter>Source files\Drivers\BSP\STM32469I-Discovery</Filter>
    </ClCompile>
    <ClCompile Include="..\TouchGFX\Drivers\BSP\STM32469I-Discovery\stm32469i_discovery_qspi.c">
      <Filter>Source files\Drivers\BSP\STM32469I-Discovery</Filter>
    </ClCompile>
    <ClCompile Include="..\TouchGFX\Drivers\BSP\STM32469I-Discovery\stm32469i_discovery_sdram.c">
      <Filter>Source files\Drivers\BSP\STM32469I-Discovery</Filter>
    </ClCompile>
    <ClCompile Include="..\TouchGFX\Drivers\BSP\STM32469I-Discovery\stm32469i_discovery_ts.c">
      <Filter>Source files\Drivers\BSP\STM32469I-Discovery</Filter>
    </ClCompile>
    <ClCompile Include="..\TouchGFX\Middlewares\Third_Party\FreeRTOS\Source\CMSIS_RTOS_V2\cmsis_os2.c">
      <Filter>Source files\Middlewares\FreeRTOS</Filter>
    </ClCompile>
    <ClCompile Include="..\TouchGFX\Middlewares\Third_Party\FreeRTOS\Source\croutine.c">
      <Filter>Source files\Middlewares\FreeRTOS</Filter>
    </ClCompile>
    <ClCompile Include="..\TouchGFX\Middlewares\Third_Party\FreeRTOS\Source\event_groups.c">
      <Filter>Source files\Middlewares\FreeRTOS</Filter>
    </ClCompile>
    <ClCompile Include="..\TouchGFX\Middlewares\Third_Party\FreeRTOS\Source\portable\MemMang\heap_4.c">
      <Filter>Source files\Middlewares\FreeRTOS</Filter>
    </ClCompile>
    <ClCompile Include="..\TouchGFX\Middlewares\Third_Party\FreeRTOS\Source\list.c">
      <Filter>Source files\Middlewares\FreeRTOS</Filter>
    </ClCompile>
    <ClCompile Include="..\TouchGFX\Middlewares\Third_Party\FreeRTOS\Source\portable\GCC\ARM_CM4F\port.c">
      <Filter>Source files\Middlewares\FreeRTOS</Filter>
    </ClCompile>
    <ClCompile Include="..\TouchGFX\Middlewares\Third_Party\FreeRTOS\Source\queue.c">
      <Filter>Source files\Middlewares\FreeRTOS</Filter>
    </ClCompile>
    <ClCompile Include="..\TouchGFX\Middlewares\Third_Party\FreeRTOS\Source\stream_buffer.c">
      <Filter>Source files\Middlewares\FreeRTOS</Filter>
    </ClCompile>
    <ClCompile Include="..\TouchGFX\Middlewares\Third_Party\FreeRTOS\Source\tasks.c">
      <Filter>Source files\Middlewares\FreeRTOS</Filter>
    </ClCompile>
    <ClCompile Include="..\TouchGFX\Middlewares\Third_Party\FreeRTOS\Source\timers.c">
      <Filter>Source files\Middlewares\FreeRTOS</Filter>
    </ClCompile>
    <None Include="stm32.props">
      <Filter>Source files\Device-specific files</Filter>
    </None>
    <ClCompile Include="$(BSP_ROOT)\STM32F4xxxx\StartupFiles\startup_stm32f469xx.c">
      <Filter>Source files\Device-specific files</Filter>
    </ClCompile>
    <ClInclude Include="..\TouchGFX\Drivers\STM32F4xx_HAL_Driver\Inc\Legacy\stm32_hal_legacy.h">
      <Filter>Header files</Filter>
    </ClInclude>
    <ClInclude Include="..\TouchGFX\Core\Inc\FreeRTOSConfig.h">
      <Filter>Header files\Drivers\CMSIS</Filter>
    </ClInclude>
    <ClInclude Include="..\TouchGFX\Core\Inc\main.h">
      <Filter>Header files\Drivers\CMSIS</Filter>
    </ClInclude>
    <ClInclude Include="..\TouchGFX\Core\Inc\stm32f4xx_hal_conf.h">
      <Filter>Header files\Drivers\CMSIS</Filter>
    </ClInclude>
    <ClInclude Include="..\TouchGFX\Core\Inc\stm32f4xx_it.h">
      <Filter>Header files\Drivers\CMSIS</Filter>
    </ClInclude>
    <ClInclude Include="..\TouchGFX\Drivers\STM32F4xx_HAL_Driver\Inc\stm32f4xx_hal.h">
      <Filter>Header files\Drivers\STM32F4xx_HAL_Driver</Filter>
    </ClInclude>
    <ClInclude Include="..\TouchGFX\Drivers\STM32F4xx_HAL_Driver\Inc\stm32f4xx_hal_cortex.h">
      <Filter>Header files\Drivers\STM32F4xx_HAL_Driver</Filter>
    </ClInclude>
    <ClInclude Include="..\TouchGFX\Drivers\STM32F4xx_HAL_Driver\Inc\stm32f4xx_hal_crc.h">
      <Filter>Header files\Drivers\STM32F4xx_HAL_Driver</Filter>
    </ClInclude>
    <ClInclude Include="..\TouchGFX\Drivers\STM32F4xx_HAL_Driver\Inc\stm32f4xx_hal_def.h">
      <Filter>Header files\Drivers\STM32F4xx_HAL_Driver</Filter>
    </ClInclude>
    <ClInclude Include="..\TouchGFX\Drivers\STM32F4xx_HAL_Driver\Inc\stm32f4xx_hal_dma.h">
      <Filter>Header files\Drivers\STM32F4xx_HAL_Driver</Filter>
    </ClInclude>
    <ClInclude Include="..\TouchGFX\Drivers\STM32F4xx_HAL_Driver\Inc\stm32f4xx_hal_dma2d.h">
      <Filter>Header files\Drivers\STM32F4xx_HAL_Driver</Filter>
    </ClInclude>
    <ClInclude Include="..\TouchGFX\Drivers\STM32F4xx_HAL_Driver\Inc\stm32f4xx_hal_dma_ex.h">
      <Filter>Header files\Drivers\STM32F4xx_HAL_Driver</Filter>
    </ClInclude>
    <ClInclude Include="..\TouchGFX\Drivers\STM32F4xx_HAL_Driver\Inc\stm32f4xx_hal_dsi.h">
      <Filter>Header files\Drivers\STM32F4xx_HAL_Driver</Filter>
    </ClInclude>
    <ClInclude Include="..\TouchGFX\Drivers\STM32F4xx_HAL_Driver\Inc\stm32f4xx_hal_exti.h">
      <Filter>Header files\Drivers\STM32F4xx_HAL_Driver</Filter>
    </ClInclude>
    <ClInclude Include="..\TouchGFX\Drivers\STM32F4xx_HAL_Driver\Inc\stm32f4xx_hal_flash.h">
      <Filter>Header files\Drivers\STM32F4xx_HAL_Driver</Filter>
    </ClInclude>
    <ClInclude Include="..\TouchGFX\Drivers\STM32F4xx_HAL_Driver\Inc\stm32f4xx_hal_flash_ex.h">
      <Filter>Header files\Drivers\STM32F4xx_HAL_Driver</Filter>
    </ClInclude>
    <ClInclude Include="..\TouchGFX\Drivers\STM32F4xx_HAL_Driver\Inc\stm32f4xx_hal_flash_ramfunc.h">
      <Filter>Header files\Drivers\STM32F4xx_HAL_Driver</Filter>
    </ClInclude>
    <ClInclude Include="..\TouchGFX\Drivers\STM32F4xx_HAL_Driver\Inc\stm32f4xx_hal_gpio.h">
      <Filter>Header files\Drivers\STM32F4xx_HAL_Driver</Filter>
    </ClInclude>
    <ClInclude Include="..\TouchGFX\Drivers\STM32F4xx_HAL_Driver\Inc\stm32f4xx_hal_gpio_ex.h">
      <Filter>Header files\Drivers\STM32F4xx_HAL_Driver</Filter>
    </ClInclude>
    <ClInclude Include="..\TouchGFX\Drivers\STM32F4xx_HAL_Driver\Inc\stm32f4xx_hal_i2c.h">
      <Filter>Header files\Drivers\STM32F4xx_HAL_Driver</Filter>
    </ClInclude>
    <ClInclude Include="..\TouchGFX\Drivers\STM32F4xx_HAL_Driver\Inc\stm32f4xx_hal_i2c_ex.h">
      <Filter>Header files\Drivers\STM32F4xx_HAL_Driver</Filter>
    </ClInclude>
    <ClInclude Include="..\TouchGFX\Drivers\STM32F4xx_HAL_Driver\Inc\stm32f4xx_hal_ltdc.h">
      <Filter>Header files\Drivers\STM32F4xx_HAL_Driver</Filter>
    </ClInclude>
    <ClInclude Include="..\TouchGFX\Drivers\STM32F4xx_HAL_Driver\Inc\stm32f4xx_hal_ltdc_ex.h">
      <Filter>Header files\Drivers\STM32F4xx_HAL_Driver</Filter>
    </ClInclude>
    <ClInclude Include="..\TouchGFX\Drivers\STM32F4xx_HAL_Driver\Inc\stm32f4xx_hal_pwr.h">
      <Filter>Header files\Drivers\STM32F4xx_HAL_Driver</Filter>
    </ClInclude>
    <ClInclude Include="..\TouchGFX\Drivers\STM32F4xx_HAL_Driver\Inc\stm32f4xx_hal_pwr_ex.h">
      <Filter>Header files\Drivers\STM32F4xx_HAL_Driver</Filter>
    </ClInclude>
    <ClInclude Include="..\TouchGFX\Drivers\STM32F4xx_HAL_Driver\Inc\stm32f4xx_hal_qspi.h">
      <Filter>Header files\Drivers\STM32F4xx_HAL_Driver</Filter>
    </ClInclude>
    <ClInclude Include="..\TouchGFX\Drivers\STM32F4xx_HAL_Driver\Inc\stm32f4xx_hal_rcc.h">
      <Filter>Header files\Drivers\STM32F4xx_HAL_Driver</Filter>
    </ClInclude>
    <ClInclude Include="..\TouchGFX\Drivers\STM32F4xx_HAL_Driver\Inc\stm32f4xx_hal_rcc_ex.h">
      <Filter>Header files\Drivers\STM32F4xx_HAL_Driver</Filter>
    </ClInclude>
    <ClInclude Include="..\TouchGFX\Drivers\STM32F4xx_HAL_Driver\Inc\stm32f4xx_hal_sai.h">
      <Filter>Header files\Drivers\STM32F4xx_HAL_Driver</Filter>
    </ClInclude>
    <ClInclude Include="..\TouchGFX\Drivers\STM32F4xx_HAL_Driver\Inc\stm32f4xx_hal_sai_ex.h">
      <Filter>Header files\Drivers\STM32F4xx_HAL_Driver</Filter>
    </ClInclude>
    <ClInclude Include="..\TouchGFX\Drivers\STM32F4xx_HAL_Driver\Inc\stm32f4xx_hal_sd.h">
      <Filter>Header files\Drivers\STM32F4xx_HAL_Driver</Filter>
    </ClInclude>
    <ClInclude Include="..\TouchGFX\Drivers\STM32F4xx_HAL_Driver\Inc\stm32f4xx_hal_sdram.h">
      <Filter>Header files\Drivers\STM32F4xx_HAL_Driver</Filter>
    </ClInclude>
    <ClInclude Include="..\TouchGFX\Drivers\STM32F4xx_HAL_Driver\Inc\stm32f4xx_hal_tim.h">
      <Filter>Header files\Drivers\STM32F4xx_HAL_Driver</Filter>
    </ClInclude>
    <ClInclude Include="..\TouchGFX\Drivers\STM32F4xx_HAL_Driver\Inc\stm32f4xx_hal_tim_ex.h">
      <Filter>Header files\Drivers\STM32F4xx_HAL_Driver</Filter>
    </ClInclude>
    <ClInclude Include="..\TouchGFX\Drivers\STM32F4xx_HAL_Driver\Inc\stm32f4xx_hal_uart.h">
      <Filter>Header files\Drivers\STM32F4xx_HAL_Driver</Filter>
    </ClInclude>
    <ClInclude Include="..\TouchGFX\Drivers\STM32F4xx_HAL_Driver\Inc\stm32f4xx_ll_fmc.h">
      <Filter>Header files\Drivers\STM32F4xx_HAL_Driver</Filter>
    </ClInclude>
    <ClInclude Include="..\TouchGFX\Drivers\STM32F4xx_HAL_Driver\Inc\stm32f4xx_ll_sdmmc.h">
      <Filter>Header files\Drivers\STM32F4xx_HAL_Driver</Filter>
    </ClInclude>
    <None Include="STM32F469_Disco_DCC-Debug.vgdbsettings">
      <Filter>VisualGDB settings</Filter>
    </None>
    <None Include="STM32F469_Disco_DCC-Release.vgdbsettings">
      <Filter>VisualGDB settings</Filter>
    </None>
    <None Include="stm32.xml">
      <Filter>VisualGDB settings</Filter>
    </None>
    <ClCompile Include="..\TouchGFX\Drivers\STM32F4xx_HAL_Driver\Src\stm32f4xx_hal_adc.c">
      <Filter>Source files\Drivers\STM32F4xx_HAL_Driver</Filter>
    </ClCompile>
    <ClCompile Include="..\TouchGFX\Drivers\STM32F4xx_HAL_Driver\Src\stm32f4xx_hal_adc_ex.c">
      <Filter>Source files\Drivers\STM32F4xx_HAL_Driver</Filter>
    </ClCompile>
    <ClCompile Include="..\TouchGFX\Drivers\STM32F4xx_HAL_Driver\Src\stm32f4xx_hal_can.c">
      <Filter>Source files\Drivers\STM32F4xx_HAL_Driver</Filter>
    </ClCompile>
    <ClCompile Include="..\TouchGFX\Drivers\STM32F4xx_HAL_Driver\Src\stm32f4xx_hal_spi.c">
      <Filter>Source files\Drivers\STM32F4xx_HAL_Driver</Filter>
    </ClCompile>
    <ClInclude Include="..\TouchGFX\Drivers\STM32F4xx_HAL_Driver\Inc\stm32f4xx_hal_adc.h">
      <Filter>Header files\Drivers\STM32F4xx_HAL_Driver</Filter>
    </ClInclude>
    <ClInclude Include="..\TouchGFX\Drivers\STM32F4xx_HAL_Driver\Inc\stm32f4xx_hal_adc_ex.h">
      <Filter>Header files\Drivers\STM32F4xx_HAL_Driver</Filter>
    </ClInclude>
    <ClInclude Include="..\TouchGFX\Drivers\STM32F4xx_HAL_Driver\Inc\stm32f4xx_hal_can.h">
      <Filter>Header files\Drivers\STM32F4xx_HAL_Driver</Filter>
    </ClInclude>
    <ClInclude Include="..\TouchGFX\Drivers\STM32F4xx_HAL_Driver\Inc\stm32f4xx_hal_spi.h">
      <Filter>Header files\Drivers\STM32F4xx_HAL_Driver</Filter>
    </ClInclude>
    <ClCompile Include="..\TouchGFX\FATFS\App\fatfs.c">
      <Filter>Source files\Application\User\FATFS\App</Filter>
    </ClCompile>
    <ClCompile Include="..\TouchGFX\FATFS\Target\bsp_driver_sd.c">
      <Filter>Source files\Application\User\FATFS\Target</Filter>
    </ClCompile>
    <ClCompile Include="..\TouchGFX\FATFS\Target\fatfs_platform.c">
      <Filter>Source files\Application\User\FATFS\Target</Filter>
    </ClCompile>
    <ClCompile Include="..\TouchGFX\FATFS\Target\sd_diskio.c">
      <Filter>Source files\Application\User\FATFS\Target</Filter>
    </ClCompile>
    <ClCompile Include="..\TouchGFX\Middlewares\Third_Party\FatFs\src\diskio.c">
      <Filter>Source files\Middlewares\FatFs</Filter>
    </ClCompile>
    <ClCompile Include="..\TouchGFX\Middlewares\Third_Party\FatFs\src\ff.c">
      <Filter>Source files\Middlewares\FatFs</Filter>
    </ClCompile>
    <ClCompile Include="..\TouchGFX\Middlewares\Third_Party\FatFs\src\ff_gen_drv.c">
      <Filter>Source files\Middlewares\FatFs</Filter>
    </ClCompile>
    <ClCompile Include="..\TouchGFX\Middlewares\Third_Party\FatFs\src\option\syscall.c">
      <Filter>Source files\Middlewares\FatFs</Filter>
    </ClCompile>
    <ClCompile Include="..\TouchGFX\Middlewares\Third_Party\FatFs\src\option\ccsbcs.c">
      <Filter>Source files\Middlewares\FatFs</Filter>
    </ClCompile>
    <ClCompile Include="DCC.cpp">
      <Filter>Source files</Filter>
    </ClCompile>
    <ClCompile Include="stm32f4xx_hal_tim_plus.c">
      <Filter>Source files</Filter>
    </ClCompile>
    <ClCompile Include="..\TouchGFX\Drivers\STM32F4xx_HAL_Driver\Src\stm32f4xx_hal_rtc.c">
      <Filter>Source files\Drivers\STM32F4xx_HAL_Driver</Filter>
    </ClCompile>
    <ClCompile Include="..\TouchGFX\Drivers\STM32F4xx_HAL_Driver\Src\stm32f4xx_hal_rtc_ex.c">
      <Filter>Source files\Drivers\STM32F4xx_HAL_Driver</Filter>
    </ClCompile>
    <ClInclude Include="..\TouchGFX\Drivers\STM32F4xx_HAL_Driver\Inc\stm32f4xx_hal_rtc.h">
      <Filter>Header files\Drivers\STM32F4xx_HAL_Driver</Filter>
    </ClInclude>
    <ClInclude Include="..\TouchGFX\Drivers\STM32F4xx_HAL_Driver\Inc\stm32f4xx_hal_rtc_ex.h">
      <Filter>Header files\Drivers\STM32F4xx_HAL_Driver</Filter>
    </ClInclude>
    <ClCompile Include="DRV8873S.cpp">
      <Filter>Source files</Filter>
    </ClCompile>
    <ClCompile Include="AppMain.cpp">
      <Filter>Source files</Filter>
    </ClCompile>
    <ClCompile Include="LCCTask.cpp">
      <Filter>Source files</Filter>
    </ClCompile>
    <ClCompile Include="..\OpenLCB\src\OlcbCommonCAN\Configuration.cpp">
      <Filter>Source files\Middlewares\OpenLCB</Filter>
    </ClCompile>
    <ClCompile Include="..\OpenLCB\src\OlcbCommonCAN\Datagram.cpp">
      <Filter>Source files\Middlewares\OpenLCB</Filter>
    </ClCompile>
    <ClCompile Include="..\OpenLCB\src\OlcbCommonCAN\Event.cpp">
      <Filter>Source files\Middlewares\OpenLCB</Filter>
    </ClCompile>
    <ClCompile Include="..\OpenLCB\src\OlcbCommonCAN\EventID.cpp">
      <Filter>Source files\Middlewares\OpenLCB</Filter>
    </ClCompile>
    <ClCompile Include="..\OpenLCB\src\OlcbCommonCAN\LinkControl.cpp">
      <Filter>Source files\Middlewares\OpenLCB</Filter>
    </ClCompile>
    <ClCompile Include="..\OpenLCB\src\OlcbCommonCAN\OlcbCanInterface.cpp">
      <Filter>Source files\Middlewares\OpenLCB</Filter>
    </ClCompile>
    <ClCompile Include="..\OpenLCB\src\OlcbCommonCAN\OlcbStream.cpp">
      <Filter>Source files\Middlewares\OpenLCB</Filter>
    </ClCompile>
    <ClCompile Include="..\OpenLCB\src\OlcbCommonCAN\OpenLcbCore.cpp">
      <Filter>Source files\Middlewares\OpenLCB</Filter>
    </ClCompile>
    <ClCompile Include="..\OpenLCB\src\OlcbCommonCAN\PIP.cpp">
      <Filter>Source files\Middlewares\OpenLCB</Filter>
    </ClCompile>
    <ClCompile Include="..\OpenLCB\src\OlcbCommonCAN\SNII.cpp">
      <Filter>Source files\Middlewares\OpenLCB</Filter>
    </ClCompile>
    <ClCompile Include="..\OpenLCB\src\OlcbCommonCAN\NodeMemory.cpp">
      <Filter>Source files\Middlewares\OpenLCB</Filter>
    </ClCompile>
    <ClCompile Include="..\OpenLCB\src\STM32F469xx\can.cpp">
      <Filter>Source files\Middlewares\OpenLCB\STM32F469xx</Filter>
    </ClCompile>
    <ClCompile Include="Arduino.cpp">
      <Filter>Source files</Filter>
    </ClCompile>
    <ClCompile Include="..\TouchGFX\Drivers\BSP\Components\cs43l22\cs43l22.c">
      <Filter>Source files\Drivers\BSP\Components</Filter>
    </ClCompile>
    <ClCompile Include="..\TouchGFX\Drivers\BSP\STM32469I-Discovery\stm32469i_discovery_audio.c">
      <Filter>Source files\Drivers\BSP\STM32469I-Discovery</Filter>
    </ClCompile>
    <ClCompile Include="AudioTask.cpp">
      <Filter>Source files</Filter>
    </ClCompile>
    <ClCompile Include="..\TouchGFX\TouchGFX\generated\gui_generated\src\startupscreen_screen\StartupScreenViewBase.cpp">
      <Filter>Source files\Application\User\generated</Filter>
    </ClCompile>
    <ClCompile Include="..\TouchGFX\TouchGFX\generated\images\src\__designer\Blue_PageIndicator_dot_indicator_small_highlight.cpp">
      <Filter>Source files\Application\User\generated</Filter>
    </ClCompile>
    <ClCompile Include="..\TouchGFX\TouchGFX\generated\images\src\__designer\Blue_PageIndicator_dot_indicator_small_normal.cpp">
      <Filter>Source files\Application\User\generated</Filter>
    </ClCompile>
    <ClCompile Include="..\TouchGFX\TouchGFX\gui\src\startupscreen_screen\StartupScreenPresenter.cpp">
      <Filter>Source files\Application\User\gui</Filter>
    </ClCompile>
    <ClCompile Include="..\TouchGFX\TouchGFX\gui\src\startupscreen_screen\StartupScreenView.cpp">
      <Filter>Source files\Application\User\gui</Filter>
    </ClCompile>
    <ClCompile Include="..\TouchGFX\TouchGFX\generated\images\src\__designer\Dark_Textures_carbon_fibre.cpp">
      <Filter>Source files\Application\User\generated</Filter>
    </ClCompile>
    <ClCompile Include="$(EFP_BASE)\Profiler\SamplingProfiler.cpp">
      <Filter>Source files\Device-specific files\Semihosting/Profiler</Filter>
    </ClCompile>
    <ClCompile Include="$(EFP_BASE)\Profiler\InstrumentingProfiler.cpp">
      <Filter>Source files\Device-specific files\Semihosting/Profiler</Filter>
    </ClCompile>
    <ClCompile Include="$(EFP_BASE)\Profiler\TestResourceManager.cpp">
      <Filter>Source files\Device-specific files\Semihosting/Profiler</Filter>
    </ClCompile>
    <ClCompile Include="$(EFP_BASE)\Profiler\ProfilerRTOS_FreeRTOS.c">
      <Filter>Source files\Device-specific files\Semihosting/Profiler</Filter>
    </ClCompile>
    <ClInclude Include="$(EFP_BASE)\Profiler\SysprogsProfiler.h">
      <Filter>Header files\Device-specific files\Semihosting/Profiler</Filter>
    </ClInclude>
    <ClInclude Include="$(EFP_BASE)\Profiler\SmallNumberCoder.h">
      <Filter>Header files\Device-specific files\Semihosting/Profiler</Filter>
    </ClInclude>
    <ClInclude Include="$(EFP_BASE)\Profiler\SysprogsProfilerInterface.h">
      <Filter>Header files\Device-specific files\Semihosting/Profiler</Filter>
    </ClInclude>
    <ClInclude Include="$(EFP_BASE)\Profiler\ProfilerFreeRTOSHooks.h">
      <Filter>Header files\Device-specific files\Semihosting/Profiler</Filter>
    </ClInclude>
    <ClInclude Include="$(EFP_BASE)\Profiler\CustomRealTimeWatches.h">
      <Filter>Header files\Device-specific files\Semihosting/Profiler</Filter>
    </ClInclude>
    <ClInclude Include="$(EFP_BASE)\Profiler\DebuggerChecker.h">
      <Filter>Header files\Device-specific files\Semihosting/Profiler</Filter>
    </ClInclude>
    <ClCompile Include="..\TouchGFX\TouchGFX\gui\src\common\BMPFileLoader.cpp">
      <Filter>Source files\Application\User\gui</Filter>
    </ClCompile>
    <ClCompile Include="..\TouchGFX\TouchGFX\gui\src\common\TGAFileLoader.cpp">
      <Filter>Source files\Application\User\gui</Filter>
    </ClCompile>
    <ClCompile Include="upng.cpp">
      <Filter>Source files\Application\User\gui</Filter>
    </ClCompile>
    <ClCompile Include="..\TouchGFX\TouchGFX\gui\src\common\BinFileLoader.cpp">
      <Filter>Source files</Filter>
    </ClCompile>
  </ItemGroup>
  <ItemGroup>
    <ClInclude Include="dcc.h">
      <Filter>Source files</Filter>
    </ClInclude>
    <ClInclude Include="stm32f4xx_hal_tim_plus.h">
      <Filter>Source files</Filter>
    </ClInclude>
    <ClInclude Include="DRV8873S.h">
      <Filter>Header files</Filter>
    </ClInclude>
    <ClInclude Include="AppMain.h">
      <Filter>Source files</Filter>
    </ClInclude>
    <ClInclude Include="LCCTask.h">
      <Filter>Header files</Filter>
    </ClInclude>
    <ClInclude Include="..\OpenLCB\src\Configuration.h">
      <Filter>Source files\Middlewares\OpenLCB</Filter>
    </ClInclude>
    <ClInclude Include="..\OpenLCB\src\Datagram.h">
      <Filter>Source files\Middlewares\OpenLCB</Filter>
    </ClInclude>
    <ClInclude Include="..\OpenLCB\src\Event.h">
      <Filter>Source files\Middlewares\OpenLCB</Filter>
    </ClInclude>
    <ClInclude Include="..\OpenLCB\src\EventID.h">
      <Filter>Source files\Middlewares\OpenLCB</Filter>
    </ClInclude>
    <ClInclude Include="..\OpenLCB\src\LinkControl.h">
      <Filter>Source files\Middlewares\OpenLCB</Filter>
    </ClInclude>
    <ClInclude Include="..\OpenLCB\src\NodeID.h">
      <Filter>Source files\Middlewares\OpenLCB</Filter>
    </ClInclude>
    <ClInclude Include="..\OpenLCB\src\NodeMemory.h">
      <Filter>Source files\Middlewares\OpenLCB</Filter>
    </ClInclude>
    <ClInclude Include="..\OpenLCB\src\OlcbCan.h">
      <Filter>Source files\Middlewares\OpenLCB</Filter>
    </ClInclude>
    <ClInclude Include="..\OpenLCB\src\OlcbCanInterface.h">
      <Filter>Source files\Middlewares\OpenLCB</Filter>
    </ClInclude>
    <ClInclude Include="..\OpenLCB\src\OlcbInterface.h">
      <Filter>Source files\Middlewares\OpenLCB</Filter>
    </ClInclude>
    <ClInclude Include="..\OpenLCB\src\OlcbNet.h">
      <Filter>Source files\Middlewares\OpenLCB</Filter>
    </ClInclude>
    <ClInclude Include="..\OpenLCB\src\OpenLcbCan.h">
      <Filter>Source files\Middlewares\OpenLCB</Filter>
    </ClInclude>
    <ClInclude Include="..\OpenLCB\src\OpenLcbCanBuffer.h">
      <Filter>Source files\Middlewares\OpenLCB</Filter>
    </ClInclude>
    <ClInclude Include="..\OpenLCB\src\OpenLcbCore.h">
      <Filter>Source files\Middlewares\OpenLCB</Filter>
    </ClInclude>
    <ClInclude Include="..\OpenLCB\src\OpenLCBHeader.h">
      <Filter>Source files\Middlewares\OpenLCB</Filter>
    </ClInclude>
    <ClInclude Include="..\OpenLCB\src\OpenLCBMid.h">
      <Filter>Source files\Middlewares\OpenLCB</Filter>
    </ClInclude>
    <ClInclude Include="..\OpenLCB\src\PIP.h">
      <Filter>Source files\Middlewares\OpenLCB</Filter>
    </ClInclude>
    <ClInclude Include="..\OpenLCB\src\processor.h">
      <Filter>Source files\Middlewares\OpenLCB</Filter>
    </ClInclude>
    <ClInclude Include="..\OpenLCB\src\SNII.h">
      <Filter>Source files\Middlewares\OpenLCB</Filter>
    </ClInclude>
    <ClInclude Include="Arduino.h">
      <Filter>Source files</Filter>
    </ClInclude>
    <ClInclude Include="..\OpenLCB\src\STM32F469xx\can.h">
      <Filter>Source files\Middlewares\OpenLCB\STM32F469xx</Filter>
    </ClInclude>
    <ClInclude Include="..\TouchGFX\Drivers\BSP\Components\cs43l22\cs43l22.h">
      <Filter>Source files\Drivers\BSP\Components</Filter>
    </ClInclude>
    <ClInclude Include="..\TouchGFX\Drivers\BSP\STM32469I-Discovery\stm32469i_discovery_audio.h">
      <Filter>Source files\Drivers\BSP\STM32469I-Discovery</Filter>
    </ClInclude>
    <ClInclude Include="AudioTask.h">
      <Filter>Header files</Filter>
    </ClInclude>
    <ClInclude Include="upng.h">
      <Filter>Header files</Filter>
    </ClInclude>
    <ClInclude Include="..\TouchGFX\TouchGFX\gui\include\gui\common\BMPFileLoader.h">
      <Filter>Source files\Application\User\gui</Filter>
    </ClInclude>
    <ClInclude Include="..\TouchGFX\TouchGFX\gui\include\gui\common\TGAFileLoader.h">
      <Filter>Header files</Filter>
    </ClInclude>
    <ClInclude Include="..\TouchGFX\TouchGFX\gui\include\gui\common\PNGFileLoader.h">
      <Filter>Header files</Filter>
    </ClInclude>
    <ClInclude Include="..\TouchGFX\TouchGFX\gui\include\gui\common\BinFileLoader.h">
      <Filter>Header files</Filter>
    </ClInclude>
  </ItemGroup>
</Project>