<?xml version="1.0" encoding="utf-8"?>
<Project ToolsVersion="4.0" xmlns="http://schemas.microsoft.com/developer/msbuild/2003">
  <ItemGroup>
    <Filter Include="Source files">
      <UniqueIdentifier>{ff08ffe8-7fa6-4ba3-8737-d4730fa7cc49}</UniqueIdentifier>
      <Extensions>cpp;c;cc;cxx;def;odl;idl;hpj;bat;asm;asmx</Extensions>
    </Filter>
    <Filter Include="Header files">
      <UniqueIdentifier>{08222b68-94a3-4c5c-a2f5-49a4583260ea}</UniqueIdentifier>
      <Extensions>h;hpp;hxx;hm;inl;inc;xsd</Extensions>
    </Filter>
    <Filter Include="Resource files">
      <UniqueIdentifier>{740c9f41-2ced-4d05-860a-733bb8c1d7c4}</UniqueIdentifier>
      <Extensions>rc;ico;cur;bmp;dlg;rc2;rct;bin;rgs;gif;jpg;jpeg;jpe;resx;tiff;tif;png;wav</Extensions>
    </Filter>
    <Filter Include="Source files\Startup">
      <UniqueIdentifier>{71886fbb-9dc8-44d3-aa13-9b0166402662}</UniqueIdentifier>
    </Filter>
    <Filter Include="Source files\STM32Cube HAL">
      <UniqueIdentifier>{ab09835f-995b-4e81-9129-61834c73e1ce}</UniqueIdentifier>
    </Filter>
    <Filter Include="Source files\STM32Cube HAL\COMMON">
      <UniqueIdentifier>{cbe82d1e-293d-49ab-9629-0c0e4e682fb7}</UniqueIdentifier>
    </Filter>
    <Filter Include="Source files\STM32Cube HAL\FSMC">
      <UniqueIdentifier>{4e0b142e-39e5-4e7f-9c33-5c5f5a048741}</UniqueIdentifier>
    </Filter>
    <Filter Include="Source files\STM32Cube HAL\EXTI">
      <UniqueIdentifier>{4fc1731c-0ea7-4ddb-9e71-6b243ba85c9e}</UniqueIdentifier>
    </Filter>
    <Filter Include="Source files\STM32Cube HAL\PWR">
      <UniqueIdentifier>{bee2356e-2932-468f-bc97-ccb46402354b}</UniqueIdentifier>
    </Filter>
    <Filter Include="Source files\STM32Cube HAL\FLASH">
      <UniqueIdentifier>{90bd35bd-8076-4385-bb4c-cb8337eff398}</UniqueIdentifier>
    </Filter>
    <Filter Include="Source files\STM32Cube HAL\SRAM">
      <UniqueIdentifier>{1d1cd948-842d-44af-b03a-d08f606ff683}</UniqueIdentifier>
    </Filter>
    <Filter Include="Source files\STM32Cube HAL\NAND">
      <UniqueIdentifier>{3c9c4acd-ed4a-4287-83f1-200f8044da08}</UniqueIdentifier>
    </Filter>
    <Filter Include="Source files\STM32Cube HAL\GPIO">
      <UniqueIdentifier>{db00de0c-24bf-4084-85e3-d2fbeeccb35d}</UniqueIdentifier>
    </Filter>
    <Filter Include="Source files\STM32Cube HAL\NOR">
      <UniqueIdentifier>{72711eba-2113-4be6-b8a3-e1a3a7b1c9c5}</UniqueIdentifier>
    </Filter>
    <Filter Include="Source files\STM32Cube HAL\PCCARD">
      <UniqueIdentifier>{d3d213af-9e7b-4d14-a5ef-2eadb481f88d}</UniqueIdentifier>
    </Filter>
    <Filter Include="Source files\STM32Cube HAL\RCC">
      <UniqueIdentifier>{3903385e-c143-4ac0-9e8b-6e4876fcf691}</UniqueIdentifier>
    </Filter>
    <Filter Include="Source files\STM32Cube HAL\CORTEX">
      <UniqueIdentifier>{1106c166-77a5-488e-a32a-7ef9bf6ac31d}</UniqueIdentifier>
    </Filter>
    <Filter Include="Source files\STM32Cube HAL\DMA">
      <UniqueIdentifier>{d853db8c-e3e6-4cef-bd73-5169b3f5363a}</UniqueIdentifier>
    </Filter>
    <Filter Include="Source files\STM32Cube HAL\TIM">
      <UniqueIdentifier>{00aefe74-8600-4b93-9094-11b03345e619}</UniqueIdentifier>
    </Filter>
    <Filter Include="Source files\Device-specific files">
      <UniqueIdentifier>{cb0e6d25-06c1-40a4-bae1-ca1fb2c4084e}</UniqueIdentifier>
    </Filter>
    <Filter Include="Header files\Startup">
      <UniqueIdentifier>{9ca5e20d-c012-473a-9dcb-4fbe608b8cb7}</UniqueIdentifier>
    </Filter>
    <Filter Include="Header files\STM32Cube HAL">
      <UniqueIdentifier>{33af0eca-d879-42c1-ac52-3b5e05c93848}</UniqueIdentifier>
    </Filter>
    <Filter Include="Header files\STM32Cube HAL\COMMON">
      <UniqueIdentifier>{331b12aa-f383-4582-9c1d-0af529bc6d57}</UniqueIdentifier>
    </Filter>
    <Filter Include="Header files\STM32Cube HAL\FSMC">
      <UniqueIdentifier>{bd3748d0-408b-4b79-aa54-2c70f216992f}</UniqueIdentifier>
    </Filter>
    <Filter Include="Header files\STM32Cube HAL\EXTI">
      <UniqueIdentifier>{86b683f1-7cf6-4871-8425-fa285b490317}</UniqueIdentifier>
    </Filter>
    <Filter Include="Header files\STM32Cube HAL\PWR">
      <UniqueIdentifier>{d5fd3cb2-39e7-45b9-8620-ac0ba55de87e}</UniqueIdentifier>
    </Filter>
    <Filter Include="Header files\STM32Cube HAL\FLASH">
      <UniqueIdentifier>{0f13a6a9-7625-44dd-9c00-2e190625e13d}</UniqueIdentifier>
    </Filter>
    <Filter Include="Header files\STM32Cube HAL\SRAM">
      <UniqueIdentifier>{6783ba82-9735-4769-a810-a8cbf5a665e8}</UniqueIdentifier>
    </Filter>
    <Filter Include="Header files\STM32Cube HAL\NAND">
      <UniqueIdentifier>{b298854b-3c0a-4884-967d-5e12ff3b94cf}</UniqueIdentifier>
    </Filter>
    <Filter Include="Header files\STM32Cube HAL\GPIO">
      <UniqueIdentifier>{ccbaa90a-8a1b-414d-ae6c-fbd02d0f26b7}</UniqueIdentifier>
    </Filter>
    <Filter Include="Header files\STM32Cube HAL\NOR">
      <UniqueIdentifier>{76672b44-7c51-4456-a6d6-838e765293e5}</UniqueIdentifier>
    </Filter>
    <Filter Include="Header files\STM32Cube HAL\PCCARD">
      <UniqueIdentifier>{13e4d3fa-f118-4b7f-924a-ef64fa6ac4a8}</UniqueIdentifier>
    </Filter>
    <Filter Include="Header files\STM32Cube HAL\RCC">
      <UniqueIdentifier>{566db9eb-5976-4797-a1a5-64ce70551804}</UniqueIdentifier>
    </Filter>
    <Filter Include="Header files\STM32Cube HAL\CORTEX">
      <UniqueIdentifier>{96132c8a-e52a-408d-b007-dc5916e80d3e}</UniqueIdentifier>
    </Filter>
    <Filter Include="Header files\STM32Cube HAL\DMA">
      <UniqueIdentifier>{440572c5-4ac4-4c7a-a40b-768ab041adca}</UniqueIdentifier>
    </Filter>
    <Filter Include="Header files\STM32Cube HAL\TIM">
      <UniqueIdentifier>{84f20a90-8f3a-4c05-b420-2af6ac8ffbf2}</UniqueIdentifier>
    </Filter>
    <Filter Include="Header files\Device-specific files">
      <UniqueIdentifier>{c766953c-4879-48f9-85c5-7f538bc004ae}</UniqueIdentifier>
    </Filter>
    <Filter Include="VisualGDB settings">
      <UniqueIdentifier>{83e50dce-5eb2-4bbf-a644-8d851d0c637d}</UniqueIdentifier>
    </Filter>
    <Filter Include="Source files\STM32Cube HAL\MMC">
      <UniqueIdentifier>{e06aead6-a9f6-4bc3-ad2d-366c151e55de}</UniqueIdentifier>
    </Filter>
    <Filter Include="Source files\STM32Cube HAL\FREERTOS">
      <UniqueIdentifier>{e9a4f879-5f7c-4792-8edd-126d4dec9808}</UniqueIdentifier>
    </Filter>
    <Filter Include="Source files\STM32Cube HAL\SDIO">
      <UniqueIdentifier>{44145e3b-a901-4c76-9814-c8b08d861c28}</UniqueIdentifier>
    </Filter>
    <Filter Include="Source files\STM32Cube HAL\SD">
      <UniqueIdentifier>{3e7f18e3-e624-4878-8268-42a63fd4f18e}</UniqueIdentifier>
    </Filter>
    <Filter Include="Source files\STM32Cube HAL\FATFS">
      <UniqueIdentifier>{92ac8b60-f12e-40aa-8999-18fb44a1dc66}</UniqueIdentifier>
    </Filter>
    <Filter Include="Header files\STM32Cube HAL\MMC">
      <UniqueIdentifier>{502c6d21-3093-44b8-b669-f00529e4b239}</UniqueIdentifier>
    </Filter>
    <Filter Include="Header files\STM32Cube HAL\FREERTOS">
      <UniqueIdentifier>{5bbabbac-7a11-4fcd-b8c7-9c540f050f77}</UniqueIdentifier>
    </Filter>
    <Filter Include="Header files\STM32Cube HAL\SDIO">
      <UniqueIdentifier>{83d59975-a9e3-475a-83e7-5146e14f7aa0}</UniqueIdentifier>
    </Filter>
    <Filter Include="Header files\STM32Cube HAL\SD">
      <UniqueIdentifier>{beb4a387-1313-435c-8d6c-bfd879aee3ae}</UniqueIdentifier>
    </Filter>
    <Filter Include="Header files\STM32Cube HAL\FATFS">
      <UniqueIdentifier>{d2ec09a5-47d9-4318-a9b6-6632415b6acf}</UniqueIdentifier>
    </Filter>
    <Filter Include="Source files\Device-specific files\Semihosting/Profiler">
      <UniqueIdentifier>{dffb55cf-8093-491e-87a3-f9e5f92eec71}</UniqueIdentifier>
    </Filter>
    <Filter Include="Header files\Device-specific files\Semihosting/Profiler">
      <UniqueIdentifier>{aa7c9b8f-2f68-48d4-8155-e03081046ffd}</UniqueIdentifier>
    </Filter>
  </ItemGroup>
  <ItemGroup>
    <ClCompile Include="Src\stm32f1xx_it.c">
      <Filter>Source files</Filter>
    </ClCompile>
    <ClCompile Include="Src\stm32f1xx_hal_msp.c">
      <Filter>Source files</Filter>
    </ClCompile>
    <ClCompile Include="Src\main.c">
      <Filter>Source files</Filter>
    </ClCompile>
    <ClCompile Include="Drivers\CMSIS\Device\ST\STM32F1xx\Source\Templates\system_stm32f1xx.c">
      <Filter>Source files\Startup</Filter>
    </ClCompile>
    <ClCompile Include="Drivers\STM32F1xx_HAL_Driver\Src\stm32f1xx_hal.c">
      <Filter>Source files\STM32Cube HAL\COMMON</Filter>
    </ClCompile>
    <ClCompile Include="Drivers\STM32F1xx_HAL_Driver\Src\stm32f1xx_ll_fsmc.c">
      <Filter>Source files\STM32Cube HAL\FSMC</Filter>
    </ClCompile>
    <ClCompile Include="Drivers\STM32F1xx_HAL_Driver\Src\stm32f1xx_hal_exti.c">
      <Filter>Source files\STM32Cube HAL\EXTI</Filter>
    </ClCompile>
    <ClCompile Include="Drivers\STM32F1xx_HAL_Driver\Src\stm32f1xx_hal_pwr.c">
      <Filter>Source files\STM32Cube HAL\PWR</Filter>
    </ClCompile>
    <ClCompile Include="Drivers\STM32F1xx_HAL_Driver\Src\stm32f1xx_hal_flash.c">
      <Filter>Source files\STM32Cube HAL\FLASH</Filter>
    </ClCompile>
    <ClCompile Include="Drivers\STM32F1xx_HAL_Driver\Src\stm32f1xx_hal_flash_ex.c">
      <Filter>Source files\STM32Cube HAL\FLASH</Filter>
    </ClCompile>
    <ClCompile Include="Drivers\STM32F1xx_HAL_Driver\Src\stm32f1xx_hal_sram.c">
      <Filter>Source files\STM32Cube HAL\SRAM</Filter>
    </ClCompile>
    <ClCompile Include="Drivers\STM32F1xx_HAL_Driver\Src\stm32f1xx_hal_gpio.c">
      <Filter>Source files\STM32Cube HAL\GPIO</Filter>
    </ClCompile>
    <ClCompile Include="Drivers\STM32F1xx_HAL_Driver\Src\stm32f1xx_hal_rcc.c">
      <Filter>Source files\STM32Cube HAL\RCC</Filter>
    </ClCompile>
    <ClCompile Include="Drivers\STM32F1xx_HAL_Driver\Src\stm32f1xx_hal_rcc_ex.c">
      <Filter>Source files\STM32Cube HAL\RCC</Filter>
    </ClCompile>
    <ClCompile Include="Drivers\STM32F1xx_HAL_Driver\Src\stm32f1xx_hal_cortex.c">
      <Filter>Source files\STM32Cube HAL\CORTEX</Filter>
    </ClCompile>
    <ClCompile Include="Drivers\STM32F1xx_HAL_Driver\Src\stm32f1xx_hal_dma.c">
      <Filter>Source files\STM32Cube HAL\DMA</Filter>
    </ClCompile>
    <ClCompile Include="Drivers\STM32F1xx_HAL_Driver\Src\stm32f1xx_hal_tim.c">
      <Filter>Source files\STM32Cube HAL\TIM</Filter>
    </ClCompile>
    <ClCompile Include="Drivers\STM32F1xx_HAL_Driver\Src\stm32f1xx_hal_tim_ex.c">
      <Filter>Source files\STM32Cube HAL\TIM</Filter>
    </ClCompile>
    <None Include="stm32.props">
      <Filter>Source files\Device-specific files</Filter>
    </None>
    <ClCompile Include="$(BSP_ROOT)\STM32F1xxxx\StartupFiles\startup_stm32f103xe.c">
      <Filter>Source files\Device-specific files</Filter>
    </ClCompile>
    <ClInclude Include="Inc\stm32f1xx_it.h">
      <Filter>Header files</Filter>
    </ClInclude>
    <ClInclude Include="Inc\stm32f1xx_hal_conf.h">
      <Filter>Header files</Filter>
    </ClInclude>
    <ClInclude Include="Inc\main.h">
      <Filter>Header files</Filter>
    </ClInclude>
    <ClInclude Include="Drivers\CMSIS\Device\ST\STM32F1xx\Include\stm32f1xx.h">
      <Filter>Header files\Startup</Filter>
    </ClInclude>
    <ClInclude Include="Drivers\CMSIS\Device\ST\STM32F1xx\Include\system_stm32f1xx.h">
      <Filter>Header files\Startup</Filter>
    </ClInclude>
    <ClInclude Include="Drivers\STM32F1xx_HAL_Driver\Inc\stm32f1xx_hal.h">
      <Filter>Header files\STM32Cube HAL\COMMON</Filter>
    </ClInclude>
    <ClInclude Include="Drivers\STM32F1xx_HAL_Driver\Inc\Legacy\stm32_hal_legacy.h">
      <Filter>Header files\STM32Cube HAL\COMMON</Filter>
    </ClInclude>
    <ClInclude Include="Drivers\STM32F1xx_HAL_Driver\Inc\stm32f1xx_hal_def.h">
      <Filter>Header files\STM32Cube HAL\COMMON</Filter>
    </ClInclude>
    <ClInclude Include="Drivers\STM32F1xx_HAL_Driver\Inc\stm32f1xx_ll_fsmc.h">
      <Filter>Header files\STM32Cube HAL\FSMC</Filter>
    </ClInclude>
    <ClInclude Include="Drivers\STM32F1xx_HAL_Driver\Inc\stm32f1xx_hal_exti.h">
      <Filter>Header files\STM32Cube HAL\EXTI</Filter>
    </ClInclude>
    <ClInclude Include="Drivers\STM32F1xx_HAL_Driver\Inc\stm32f1xx_hal_pwr.h">
      <Filter>Header files\STM32Cube HAL\PWR</Filter>
    </ClInclude>
    <ClInclude Include="Drivers\STM32F1xx_HAL_Driver\Inc\stm32f1xx_hal_flash.h">
      <Filter>Header files\STM32Cube HAL\FLASH</Filter>
    </ClInclude>
    <ClInclude Include="Drivers\STM32F1xx_HAL_Driver\Inc\stm32f1xx_hal_flash_ex.h">
      <Filter>Header files\STM32Cube HAL\FLASH</Filter>
    </ClInclude>
    <ClInclude Include="Drivers\STM32F1xx_HAL_Driver\Inc\stm32f1xx_hal_sram.h">
      <Filter>Header files\STM32Cube HAL\SRAM</Filter>
    </ClInclude>
    <ClInclude Include="Drivers\STM32F1xx_HAL_Driver\Inc\stm32f1xx_hal_gpio.h">
      <Filter>Header files\STM32Cube HAL\GPIO</Filter>
    </ClInclude>
    <ClInclude Include="Drivers\STM32F1xx_HAL_Driver\Inc\stm32f1xx_hal_gpio_ex.h">
      <Filter>Header files\STM32Cube HAL\GPIO</Filter>
    </ClInclude>
    <ClCompile Include="Drivers\STM32F1xx_HAL_Driver\Src\stm32f1xx_hal_gpio_ex.c">
      <Filter>Header files\STM32Cube HAL\GPIO</Filter>
    </ClCompile>
    <ClInclude Include="Drivers\STM32F1xx_HAL_Driver\Inc\stm32f1xx_hal_rcc.h">
      <Filter>Header files\STM32Cube HAL\RCC</Filter>
    </ClInclude>
    <ClInclude Include="Drivers\STM32F1xx_HAL_Driver\Inc\stm32f1xx_hal_rcc_ex.h">
      <Filter>Header files\STM32Cube HAL\RCC</Filter>
    </ClInclude>
    <ClInclude Include="Drivers\STM32F1xx_HAL_Driver\Inc\stm32f1xx_hal_cortex.h">
      <Filter>Header files\STM32Cube HAL\CORTEX</Filter>
    </ClInclude>
    <ClInclude Include="Drivers\STM32F1xx_HAL_Driver\Inc\stm32f1xx_hal_dma_ex.h">
      <Filter>Header files\STM32Cube HAL\DMA</Filter>
    </ClInclude>
    <ClInclude Include="Drivers\STM32F1xx_HAL_Driver\Inc\stm32f1xx_hal_dma.h">
      <Filter>Header files\STM32Cube HAL\DMA</Filter>
    </ClInclude>
    <ClInclude Include="Drivers\STM32F1xx_HAL_Driver\Inc\stm32f1xx_hal_tim.h">
      <Filter>Header files\STM32Cube HAL\TIM</Filter>
    </ClInclude>
    <ClInclude Include="Drivers\STM32F1xx_HAL_Driver\Inc\stm32f1xx_hal_tim_ex.h">
      <Filter>Header files\STM32Cube HAL\TIM</Filter>
    </ClInclude>
    <None Include="MiniSTM32V-Debug.vgdbsettings">
      <Filter>VisualGDB settings</Filter>
    </None>
    <None Include="MiniSTM32V-Release.vgdbsettings">
      <Filter>VisualGDB settings</Filter>
    </None>
    <None Include="stm32.xml">
      <Filter>VisualGDB settings</Filter>
    </None>
    <ClCompile Include="Src\AsciiLib.c">
      <Filter>Source files</Filter>
    </ClCompile>
    <ClCompile Include="Src\GLCD.c">
      <Filter>Source files</Filter>
    </ClCompile>
    <ClCompile Include="Src\HzLib.c">
      <Filter>Source files</Filter>
    </ClCompile>
    <ClCompile Include="Src\bsp_driver_sd.c">
      <Filter>Source files</Filter>
    </ClCompile>
    <ClCompile Include="Src\fatfs.c">
      <Filter>Source files</Filter>
    </ClCompile>
    <ClCompile Include="Src\fatfs_platform.c">
      <Filter>Source files</Filter>
    </ClCompile>
    <ClCompile Include="Src\freertos.c">
      <Filter>Source files</Filter>
    </ClCompile>
    <ClCompile Include="Drivers\STM32F1xx_HAL_Driver\Src\stm32f1xx_ll_sdmmc.c">
      <Filter>Source files\STM32Cube HAL\MMC</Filter>
    </ClCompile>
    <ClCompile Include="Middlewares\Third_Party\FreeRTOS\Source\croutine.c">
      <Filter>Source files\STM32Cube HAL\FREERTOS</Filter>
    </ClCompile>
    <ClCompile Include="Middlewares\Third_Party\FreeRTOS\Source\event_groups.c">
      <Filter>Source files\STM32Cube HAL\FREERTOS</Filter>
    </ClCompile>
    <ClCompile Include="Middlewares\Third_Party\FreeRTOS\Source\list.c">
      <Filter>Source files\STM32Cube HAL\FREERTOS</Filter>
    </ClCompile>
    <ClCompile Include="Middlewares\Third_Party\FreeRTOS\Source\queue.c">
      <Filter>Source files\STM32Cube HAL\FREERTOS</Filter>
    </ClCompile>
    <ClCompile Include="Middlewares\Third_Party\FreeRTOS\Source\stream_buffer.c">
      <Filter>Source files\STM32Cube HAL\FREERTOS</Filter>
    </ClCompile>
    <ClCompile Include="Middlewares\Third_Party\FreeRTOS\Source\tasks.c">
      <Filter>Source files\STM32Cube HAL\FREERTOS</Filter>
    </ClCompile>
    <ClCompile Include="Middlewares\Third_Party\FreeRTOS\Source\timers.c">
      <Filter>Source files\STM32Cube HAL\FREERTOS</Filter>
    </ClCompile>
    <ClCompile Include="Middlewares\Third_Party\FreeRTOS\Source\portable\MemMang\heap_4.c">
      <Filter>Source files\STM32Cube HAL\FREERTOS</Filter>
    </ClCompile>
    <ClCompile Include="Middlewares\Third_Party\FreeRTOS\Source\portable\GCC\ARM_CM3\port.c">
      <Filter>Source files\STM32Cube HAL\FREERTOS</Filter>
    </ClCompile>
    <ClCompile Include="Drivers\STM32F1xx_HAL_Driver\Src\stm32f1xx_hal_sd.c">
      <Filter>Source files\STM32Cube HAL\SD</Filter>
    </ClCompile>
    <ClCompile Include="Middlewares\Third_Party\FatFs\src\diskio.c">
      <Filter>Source files\STM32Cube HAL\FATFS</Filter>
    </ClCompile>
    <ClCompile Include="Middlewares\Third_Party\FatFs\src\ff.c">
      <Filter>Source files\STM32Cube HAL\FATFS</Filter>
    </ClCompile>
    <ClCompile Include="Middlewares\Third_Party\FatFs\src\ff_gen_drv.c">
      <Filter>Source files\STM32Cube HAL\FATFS</Filter>
    </ClCompile>
    <ClCompile Include="Middlewares\Third_Party\FatFs\src\option\syscall.c">
      <Filter>Source files\STM32Cube HAL\FATFS</Filter>
    </ClCompile>
    <ClCompile Include="Middlewares\Third_Party\FatFs\src\drivers\sd_diskio.c">
      <Filter>Source files\STM32Cube HAL\FATFS</Filter>
    </ClCompile>
    <ClInclude Include="Inc\ffconf.h">
      <Filter>Header files</Filter>
    </ClInclude>
    <ClInclude Include="Inc\bsp_driver_sd.h">
      <Filter>Header files</Filter>
    </ClInclude>
    <ClInclude Include="Inc\fatfs.h">
      <Filter>Header files</Filter>
    </ClInclude>
    <ClInclude Include="Inc\fatfs_platform.h">
      <Filter>Header files</Filter>
    </ClInclude>
    <ClInclude Include="Inc\FreeRTOSConfig.h">
      <Filter>Header files</Filter>
    </ClInclude>
    <ClInclude Include="Drivers\STM32F1xx_HAL_Driver\Inc\stm32f1xx_ll_sdmmc.h">
      <Filter>Header files\STM32Cube HAL\MMC</Filter>
    </ClInclude>
    <ClInclude Include="Middlewares\Third_Party\FreeRTOS\Source\include\croutine.h">
      <Filter>Header files\STM32Cube HAL\FREERTOS</Filter>
    </ClInclude>
    <ClInclude Include="Middlewares\Third_Party\FreeRTOS\Source\include\deprecated_definitions.h">
      <Filter>Header files\STM32Cube HAL\FREERTOS</Filter>
    </ClInclude>
    <ClInclude Include="Middlewares\Third_Party\FreeRTOS\Source\include\event_groups.h">
      <Filter>Header files\STM32Cube HAL\FREERTOS</Filter>
    </ClInclude>
    <ClInclude Include="Middlewares\Third_Party\FreeRTOS\Source\include\FreeRTOS.h">
      <Filter>Header files\STM32Cube HAL\FREERTOS</Filter>
    </ClInclude>
    <ClInclude Include="Middlewares\Third_Party\FreeRTOS\Source\include\list.h">
      <Filter>Header files\STM32Cube HAL\FREERTOS</Filter>
    </ClInclude>
    <ClInclude Include="Middlewares\Third_Party\FreeRTOS\Source\include\message_buffer.h">
      <Filter>Header files\STM32Cube HAL\FREERTOS</Filter>
    </ClInclude>
    <ClInclude Include="Middlewares\Third_Party\FreeRTOS\Source\include\mpu_prototypes.h">
      <Filter>Header files\STM32Cube HAL\FREERTOS</Filter>
    </ClInclude>
    <ClInclude Include="Middlewares\Third_Party\FreeRTOS\Source\include\mpu_wrappers.h">
      <Filter>Header files\STM32Cube HAL\FREERTOS</Filter>
    </ClInclude>
    <ClInclude Include="Middlewares\Third_Party\FreeRTOS\Source\include\portable.h">
      <Filter>Header files\STM32Cube HAL\FREERTOS</Filter>
    </ClInclude>
    <ClInclude Include="Middlewares\Third_Party\FreeRTOS\Source\include\projdefs.h">
      <Filter>Header files\STM32Cube HAL\FREERTOS</Filter>
    </ClInclude>
    <ClInclude Include="Middlewares\Third_Party\FreeRTOS\Source\include\queue.h">
      <Filter>Header files\STM32Cube HAL\FREERTOS</Filter>
    </ClInclude>
    <ClInclude Include="Middlewares\Third_Party\FreeRTOS\Source\include\semphr.h">
      <Filter>Header files\STM32Cube HAL\FREERTOS</Filter>
    </ClInclude>
    <ClInclude Include="Middlewares\Third_Party\FreeRTOS\Source\include\stack_macros.h">
      <Filter>Header files\STM32Cube HAL\FREERTOS</Filter>
    </ClInclude>
    <ClInclude Include="Middlewares\Third_Party\FreeRTOS\Source\include\StackMacros.h">
      <Filter>Header files\STM32Cube HAL\FREERTOS</Filter>
    </ClInclude>
    <ClInclude Include="Middlewares\Third_Party\FreeRTOS\Source\include\stream_buffer.h">
      <Filter>Header files\STM32Cube HAL\FREERTOS</Filter>
    </ClInclude>
    <ClInclude Include="Middlewares\Third_Party\FreeRTOS\Source\include\task.h">
      <Filter>Header files\STM32Cube HAL\FREERTOS</Filter>
    </ClInclude>
    <ClInclude Include="Middlewares\Third_Party\FreeRTOS\Source\include\timers.h">
      <Filter>Header files\STM32Cube HAL\FREERTOS</Filter>
    </ClInclude>
    <ClInclude Include="Middlewares\Third_Party\FreeRTOS\Source\portable\GCC\ARM_CM3\portmacro.h">
      <Filter>Header files\STM32Cube HAL\FREERTOS</Filter>
    </ClInclude>
    <ClInclude Include="Drivers\STM32F1xx_HAL_Driver\Inc\stm32f1xx_hal_sd.h">
      <Filter>Header files\STM32Cube HAL\SD</Filter>
    </ClInclude>
    <ClInclude Include="Middlewares\Third_Party\FatFs\src\diskio.h">
      <Filter>Header files\STM32Cube HAL\FATFS</Filter>
    </ClInclude>
    <ClInclude Include="Middlewares\Third_Party\FatFs\src\ff.h">
      <Filter>Header files\STM32Cube HAL\FATFS</Filter>
    </ClInclude>
    <ClInclude Include="Middlewares\Third_Party\FatFs\src\ff_gen_drv.h">
      <Filter>Header files\STM32Cube HAL\FATFS</Filter>
    </ClInclude>
    <ClInclude Include="Middlewares\Third_Party\FatFs\src\integer.h">
      <Filter>Header files\STM32Cube HAL\FATFS</Filter>
    </ClInclude>
    <ClInclude Include="Middlewares\Third_Party\FatFs\src\drivers\sd_diskio.h">
      <Filter>Header files\STM32Cube HAL\FATFS</Filter>
    </ClInclude>
    <ClCompile Include="Middlewares\Third_Party\FreeRTOS\Source\CMSIS_RTOS_V2\cmsis_os2.c">
      <Filter>Source files</Filter>
    </ClCompile>
    <ClCompile Include="$(EFP_BASE)\Profiler\FastSemihosting.cpp">
      <Filter>Source files\Device-specific files\Semihosting/Profiler</Filter>
    </ClCompile>
    <ClCompile Include="$(EFP_BASE)\Profiler\SamplingProfiler.cpp">
      <Filter>Source files\Device-specific files\Semihosting/Profiler</Filter>
    </ClCompile>
    <ClCompile Include="$(EFP_BASE)\Profiler\InstrumentingProfiler.cpp">
      <Filter>Source files\Device-specific files\Semihosting/Profiler</Filter>
    </ClCompile>
    <ClCompile Include="$(EFP_BASE)\Profiler\TestResourceManager.cpp">
      <Filter>Source files\Device-specific files\Semihosting/Profiler</Filter>
    </ClCompile>
    <ClCompile Include="$(EFP_BASE)\Profiler\ProfilerRTOS_FreeRTOS.c">
      <Filter>Source files\Device-specific files\Semihosting/Profiler</Filter>
    </ClCompile>
    <ClInclude Include="$(EFP_BASE)\Profiler\SysprogsProfiler.h">
      <Filter>Header files\Device-specific files\Semihosting/Profiler</Filter>
    </ClInclude>
    <ClInclude Include="$(EFP_BASE)\Profiler\SmallNumberCoder.h">
      <Filter>Header files\Device-specific files\Semihosting/Profiler</Filter>
    </ClInclude>
    <ClInclude Include="$(EFP_BASE)\Profiler\SysprogsProfilerInterface.h">
      <Filter>Header files\Device-specific files\Semihosting/Profiler</Filter>
    </ClInclude>
    <ClInclude Include="$(EFP_BASE)\Profiler\ProfilerFreeRTOSHooks.h">
      <Filter>Header files\Device-specific files\Semihosting/Profiler</Filter>
    </ClInclude>
    <ClInclude Include="$(EFP_BASE)\Profiler\CustomRealTimeWatches.h">
      <Filter>Header files\Device-specific files\Semihosting/Profiler</Filter>
    </ClInclude>
    <ClInclude Include="$(EFP_BASE)\Profiler\DebuggerChecker.h">
      <Filter>Header files\Device-specific files\Semihosting/Profiler</Filter>
    </ClInclude>
  </ItemGroup>
  <ItemGroup>
    <ClInclude Include="Src\HzLib.h">
      <Filter>Header files</Filter>
    </ClInclude>
    <ClInclude Include="Src\AsciiLib.h">
      <Filter>Header files</Filter>
    </ClInclude>
    <ClInclude Include="Src\GLCD.h">
      <Filter>Header files</Filter>
    </ClInclude>
  </ItemGroup>
</Project>